
Microsoft Visual Studio Solution File, Format Version 12.00
# Visual Studio Version 17
VisualStudioVersion = 17.13.35825.156
MinimumVisualStudioVersion = 10.0.40219.1
Project("{2150E333-8FDC-42A3-9474-1A3956D46DE8}") = "Chapter01", "Chapter01", "{DDB4EF12-CC4E-5E88-E6FC-71A802F4DE97}"
EndProject
Project("{FAE04EC0-301F-11D3-BF4B-00C04F79EFBC}") = "ProductSample", "Chapter01\ProductSample\ProductSample.csproj", "{ED1910CD-CECA-4999-9B5D-654E76C847F3}"
EndProject
Project("{2150E333-8FDC-42A3-9474-1A3956D46DE8}") = "Chapter02", "Chapter02", "{38C92AEC-C892-4DD3-BFCA-0F6ECD673BFE}"
EndProject
Project("{FAE04EC0-301F-11D3-BF4B-00C04F79EFBC}") = "DistanceConverter", "Chapter02\DistanceConverter\DistanceConverter.csproj", "{E25972A8-0F97-4AA8-B43F-24C2545D0934}"
EndProject
Project("{2150E333-8FDC-42A3-9474-1A3956D46DE8}") = "演習問題", "演習問題", "{98DD8ACA-DF2B-4D0F-8AA1-681C2C788FE0}"
EndProject
Project("{FAE04EC0-301F-11D3-BF4B-00C04F79EFBC}") = "Exercise02", "Chapter02\演習問題\Exercise02\Exercise02.csproj", "{01DB6521-37E6-4C64-8AD2-62C2B9F19D97}"
EndProject
Project("{2150E333-8FDC-42A3-9474-1A3956D46DE8}") = "距離換算プログラム", "距離換算プログラム", "{E2068BAF-8D07-44B8-94F6-94131006846D}"
EndProject
Project("{2150E333-8FDC-42A3-9474-1A3956D46DE8}") = "FormApps", "FormApps", "{FE5998D8-8C02-4DB5-AA95-BA9977F87552}"
EndProject
Project("{FAE04EC0-301F-11D3-BF4B-00C04F79EFBC}") = "UnitConverter", "FormApps\UnitConverter\UnitConverter.csproj", "{C720723E-AF88-48F4-8413-CC2FFDB8CA07}"
EndProject
Project("{FAE04EC0-301F-11D3-BF4B-00C04F79EFBC}") = "StopWatch", "FormApps\StopWatch\StopWatch.csproj", "{91F74D90-A80D-4AA6-A8F5-A04851C93580}"
EndProject
Project("{2150E333-8FDC-42A3-9474-1A3956D46DE8}") = "売り上げ集計プログラム", "売り上げ集計プログラム", "{38854469-596F-499B-9D60-EEEDC7E74257}"
EndProject
Project("{FAE04EC0-301F-11D3-BF4B-00C04F79EFBC}") = "SalesCalculator", "Chapter02\SalesCalculator\SalesCalculator.csproj", "{ACBBCC44-E900-4CD0-83DB-E928248AB80A}"
EndProject
Project("{FAE04EC0-301F-11D3-BF4B-00C04F79EFBC}") = "Exercise01", "Chapter02\演習問題\Exercise01\Exercise01.csproj", "{0E4C0E50-9978-455E-A086-103EB6FDEFFE}"
EndProject
Project("{2150E333-8FDC-42A3-9474-1A3956D46DE8}") = "Chapter03", "Chapter03", "{3BD9D2F5-8A14-4339-93DB-CDBB4EA9A79D}"
EndProject
Project("{FAE04EC0-301F-11D3-BF4B-00C04F79EFBC}") = "Section01", "Chapter03\Section01\Section01.csproj", "{0ED1EC1B-3FAB-499C-B02A-4DAFC8F305BD}"
EndProject
Project("{2150E333-8FDC-42A3-9474-1A3956D46DE8}") = "演習問題", "演習問題", "{EC8C26BF-E4C3-4D99-8116-8DC6B062AF1F}"
EndProject
Project("{FAE04EC0-301F-11D3-BF4B-00C04F79EFBC}") = "Exercise02", "Chapter03\演習問題\Exercise02\Exercise02.csproj", "{9166F958-90C6-4297-B4A0-036DFE2A3A84}"
EndProject
Project("{FAE04EC0-301F-11D3-BF4B-00C04F79EFBC}") = "Section04", "Chapter03\Section04\Section04.csproj", "{85542D9D-C81A-4D5E-B8AC-E84B029966ED}"
EndProject
Project("{FAE04EC0-301F-11D3-BF4B-00C04F79EFBC}") = "Exercise01", "Chapter03\演習問題\Exercise01\Exercise01.csproj", "{B2B4E85A-2888-42A1-8466-5DA05BCD82F2}"
EndProject
Project("{2150E333-8FDC-42A3-9474-1A3956D46DE8}") = "Chapter04", "Chapter04", "{D35AF54D-7EAD-4D09-A8BD-42D5ADB1C853}"
EndProject
Project("{FAE04EC0-301F-11D3-BF4B-00C04F79EFBC}") = "Section04", "Chapter04\Section04\Section04.csproj", "{BB08AD8B-6640-4B05-964F-68504A940BD8}"
EndProject
Project("{2150E333-8FDC-42A3-9474-1A3956D46DE8}") = "演習問題", "演習問題", "{27EC9E69-E359-49C8-8D28-A04241610AD4}"
EndProject
Project("{FAE04EC0-301F-11D3-BF4B-00C04F79EFBC}") = "Exercise01", "Chapter04\演習問題\Exercise01\Exercise01.csproj", "{8AC43160-D50B-4ADB-B12E-6FE3F6D07EB8}"
EndProject
Project("{FAE04EC0-301F-11D3-BF4B-00C04F79EFBC}") = "Exercise02", "Chapter04\演習問題\Exercise02\Exercise02.csproj", "{381DCC37-22C5-421B-BD91-ACEB45CF0383}"
EndProject
Project("{2150E333-8FDC-42A3-9474-1A3956D46DE8}") = "LINQ", "LINQ", "{D167B949-8D05-4470-AF3F-E181D3EBA022}"
EndProject
Project("{FAE04EC0-301F-11D3-BF4B-00C04F79EFBC}") = "LinqSample", "LINQ\LinqSample\LinqSample.csproj", "{47630A5C-EC0D-4249-9E76-0C0E94A9D36D}"
EndProject
Project("{2150E333-8FDC-42A3-9474-1A3956D46DE8}") = "Chapter07", "Chapter07", "{0DFF2E98-FA7D-4C54-83F3-0AB6F5718552}"
EndProject
Project("{2150E333-8FDC-42A3-9474-1A3956D46DE8}") = "演習問題", "演習問題", "{23DE70A1-E4E5-4429-B2BD-744CDDF2296D}"
EndProject
Project("{FAE04EC0-301F-11D3-BF4B-00C04F79EFBC}") = "Exercise01", "Chapter07\演習問題\Exercise01\Exercise01.csproj", "{91F62091-8B19-49FC-98FF-29341B133BB2}"
EndProject
Project("{FAE04EC0-301F-11D3-BF4B-00C04F79EFBC}") = "Section01", "Chapter07\Section01\Section01.csproj", "{4B8D7E9E-D0D6-411C-A8A8-9A77CA5D51E1}"
EndProject
Project("{FAE04EC0-301F-11D3-BF4B-00C04F79EFBC}") = "Section05", "Chapter07\Section05\Section05.csproj", "{1BFA9235-026A-4831-9734-9B8B8C79E234}"
EndProject
Project("{FAE04EC0-301F-11D3-BF4B-00C04F79EFBC}") = "Exercise02", "Chapter07\演習問題\Exercise02\Exercise02.csproj", "{0F739447-492C-463B-A060-FF2B20C8138B}"
EndProject
Project("{2150E333-8FDC-42A3-9474-1A3956D46DE8}") = "Chapter06", "Chapter06", "{2946A574-4F72-479A-B666-D39B53B453B5}"
EndProject
Project("{FAE04EC0-301F-11D3-BF4B-00C04F79EFBC}") = "Section01", "Chapter06\Section01\Section01.csproj", "{70D7A2AF-0015-47B4-AC31-9E86FB9AE71B}"
EndProject
Project("{2150E333-8FDC-42A3-9474-1A3956D46DE8}") = "演習問題", "演習問題", "{575A0FBE-F4EF-40FB-8335-88F7EA4DE467}"
EndProject
Project("{FAE04EC0-301F-11D3-BF4B-00C04F79EFBC}") = "Exercise01", "Chapter06\演習問題\Exercise01\Exercise01.csproj", "{9140FDD6-C254-41AE-BAF0-8CC1A240A875}"
EndProject
Project("{FAE04EC0-301F-11D3-BF4B-00C04F79EFBC}") = "Exercise03", "Chapter06\演習問題\Exercise03\Exercise03.csproj", "{91F67FAF-6CE2-4AAC-83C2-12605D047F2A}"
EndProject
Project("{FAE04EC0-301F-11D3-BF4B-00C04F79EFBC}") = "Exercise04", "Chapter06\演習問題\Exercise04\Exercise04.csproj", "{98B0ED67-FAB8-4882-B469-AA021102AB9C}"
EndProject
Project("{FAE04EC0-301F-11D3-BF4B-00C04F79EFBC}") = "Exercise02", "Chapter06\演習問題\Exercise02\Exercise02.csproj", "{7FAA8CD9-BC97-4202-B994-C89029D5FD93}"
EndProject
Project("{FAE04EC0-301F-11D3-BF4B-00C04F79EFBC}") = "Section03", "Chapter06\Section03\Section03.csproj", "{01BFBCE4-6204-410D-A8C1-083C81CC293C}"
EndProject
Project("{2150E333-8FDC-42A3-9474-1A3956D46DE8}") = "Chapter05", "Chapter05", "{858104D8-CF7B-442D-A08D-934B5C293C48}"
EndProject
Project("{2150E333-8FDC-42A3-9474-1A3956D46DE8}") = "演習問題", "演習問題", "{E4E4D0B3-FB6B-4FC5-B5F8-2E416CE7AC15}"
EndProject
Project("{FAE04EC0-301F-11D3-BF4B-00C04F79EFBC}") = "Section01", "Chapter05\Section01\Section01.csproj", "{0E01996C-7E30-4D65-8A78-6893D9D5CFC6}"
EndProject
Project("{FAE04EC0-301F-11D3-BF4B-00C04F79EFBC}") = "Section02", "Chapter05\Section02\Section02.csproj", "{323A2BE0-9064-43D8-B0F1-A8F19CCEDB43}"
EndProject
Project("{FAE04EC0-301F-11D3-BF4B-00C04F79EFBC}") = "Exercise01", "Chapter05\演習問題\Exercise01\Exercise01.csproj", "{335955EE-E909-42AD-B037-CA15EAF3593E}"
EndProject
Project("{FAE04EC0-301F-11D3-BF4B-00C04F79EFBC}") = "Exercise02", "Chapter05\演習問題\Exercise02\Exercise02.csproj", "{C4C2E9B2-FBB0-43E1-87BE-7FF417BEB411}"
EndProject
Project("{2150E333-8FDC-42A3-9474-1A3956D46DE8}") = "Chapter08", "Chapter08", "{97557532-DD20-45D0-875C-14E7497E3EF2}"
EndProject
Project("{2150E333-8FDC-42A3-9474-1A3956D46DE8}") = "演習問題", "演習問題", "{59AFBE63-07E5-4493-A7E7-703564049E40}"
EndProject
Project("{FAE04EC0-301F-11D3-BF4B-00C04F79EFBC}") = "Exercise01", "Chapter08\演習問題\Exercise01\Exercise01.csproj", "{774AD71B-EBE1-4ADD-82FA-ED9AB99CEE6A}"
EndProject
Project("{FAE04EC0-301F-11D3-BF4B-00C04F79EFBC}") = "PrefCapitalLocationSystem", "Chapter08\PrefCapitalLocationSystem\PrefCapitalLocationSystem\PrefCapitalLocationSystem.csproj", "{ED921292-D3D8-4E30-99DF-C202A1192B0C}"
EndProject
Project("{FAE04EC0-301F-11D3-BF4B-00C04F79EFBC}") = "Section03", "Chapter08\Section03\Section03.csproj", "{F49CEB3B-C564-48C3-BFE5-43CEDA02D339}"
EndProject
Project("{FAE04EC0-301F-11D3-BF4B-00C04F79EFBC}") = "Exercise02", "Chapter08\演習問題\Exercise02\Exercise02.csproj", "{D49D0B26-0E61-4FDB-A24C-D9044770B257}"
EndProject
Project("{2150E333-8FDC-42A3-9474-1A3956D46DE8}") = "Test01", "Test01", "{1A2C3132-68E5-4149-B023-2D2ED27921A8}"
EndProject
Project("{FAE04EC0-301F-11D3-BF4B-00C04F79EFBC}") = "Test01", "Test01\Test01\Test01.csproj", "{6EF7678A-A725-F430-3097-30F090C0100A}"
EndProject
Project("{FAE04EC0-301F-11D3-BF4B-00C04F79EFBC}") = "Test02", "Test01\Test02\Test02.csproj", "{010D0C11-D6A2-3CA6-3281-4E0FD547EC2D}"
EndProject
Project("{2150E333-8FDC-42A3-9474-1A3956D46DE8}") = "Chapter09", "Chapter09", "{1CDB129A-A9A6-473C-94C3-CDD6795F7267}"
EndProject
Project("{FAE04EC0-301F-11D3-BF4B-00C04F79EFBC}") = "Section01", "Chapter09\Section01\Section01.csproj", "{00B059D4-B78A-4DAC-8F09-27F50E20BB7F}"
EndProject
Project("{2150E333-8FDC-42A3-9474-1A3956D46DE8}") = "演習問題", "演習問題", "{902DE558-6996-4EE1-B678-8D6B71AC1845}"
EndProject
Project("{FAE04EC0-301F-11D3-BF4B-00C04F79EFBC}") = "Exercise01", "Chapter09\演習問題\Exercise01\Exercise01.csproj", "{6FA3F352-FD82-4001-9FB4-2781740AFB1E}"
EndProject
Project("{FAE04EC0-301F-11D3-BF4B-00C04F79EFBC}") = "Exercise02", "Chapter09\演習問題\Exercise02\Exercise02.csproj", "{477171F7-4EED-4B54-8D11-B931F4C8B4F2}"
EndProject
Project("{FAE04EC0-301F-11D3-BF4B-00C04F79EFBC}") = "Exercise03", "Chapter09\演習問題\Exercise03\Exercise03.csproj", "{EA04066C-0541-4493-83BB-D8150740D9C7}"
EndProject
Project("{FAE04EC0-301F-11D3-BF4B-00C04F79EFBC}") = "CarReportSystem", "FormApps\CarReportSystem\CarReportSystem.csproj", "{0B48C449-0B35-182D-2B8C-BFE6C8DF0359}"
EndProject
Project("{2150E333-8FDC-42A3-9474-1A3956D46DE8}") = "Chapter12", "Chapter12", "{4D32B2A5-200B-438D-B1F8-F5F0308D4579}"
EndProject
Project("{2150E333-8FDC-42A3-9474-1A3956D46DE8}") = "演習問題", "演習問題", "{699D92C3-5753-481F-8B87-6C016C454469}"
EndProject
Project("{FAE04EC0-301F-11D3-BF4B-00C04F79EFBC}") = "Section01", "Chapter12\Section01\Section01.csproj", "{50506639-CF40-46C3-82AF-EE4A291CE89D}"
EndProject
Project("{FAE04EC0-301F-11D3-BF4B-00C04F79EFBC}") = "Exercise01", "Chapter12\演習問題\Exercise01\Exercise01.csproj", "{B1F03A09-5CEB-4F4A-B346-A22EA8169529}"
EndProject
Project("{FAE04EC0-301F-11D3-BF4B-00C04F79EFBC}") = "Exercise02", "Chapter12\演習問題\Exercise2\Exercise02.csproj", "{DAB9EB85-55C2-4C08-B911-F53578F96345}"
EndProject
Project("{FAE04EC0-301F-11D3-BF4B-00C04F79EFBC}") = "Exercise03", "Chapter12\演習問題\Exercise03\Exercise03.csproj", "{6F887373-3D74-4149-A495-27E814361607}"
EndProject
Project("{2150E333-8FDC-42A3-9474-1A3956D46DE8}") = "Test0103", "Test0103", "{57EF27C2-8556-47D6-8FFB-E3509F26FCB5}"
EndProject
Project("{FAE04EC0-301F-11D3-BF4B-00C04F79EFBC}") = "Test01", "Test202503\Test01\Test01.csproj", "{8AD2EED6-5142-B9D5-EB8B-BB1A11EC0408}"
EndProject
Project("{FAE04EC0-301F-11D3-BF4B-00C04F79EFBC}") = "Test02", "Test202503\Test02\Test02.csproj", "{EA4A8055-1398-D3D7-71C5-6C05759E8DEC}"
EndProject
Project("{FAE04EC0-301F-11D3-BF4B-00C04F79EFBC}") = "RssReader", "FormApps\RssReader\RssReader.csproj", "{0220FC3C-6278-4647-8E67-47D47E27E388}"
EndProject
Project("{2150E333-8FDC-42A3-9474-1A3956D46DE8}") = "Chapter11", "Chapter11", "{210FE2A6-E87F-4E14-85C6-EC06BB9470F6}"
EndProject
Project("{FAE04EC0-301F-11D3-BF4B-00C04F79EFBC}") = "Section02", "Chapter11\Section02\Section02.csproj", "{2F5FB9E1-E1D2-47FD-8AA1-EC349903846D}"
EndProject
Project("{2150E333-8FDC-42A3-9474-1A3956D46DE8}") = "演習問題", "演習問題", "{63175960-4414-45DC-8BEB-C2B69F319D4B}"
EndProject
Project("{FAE04EC0-301F-11D3-BF4B-00C04F79EFBC}") = "Exercise01", "Chapter11\演習問題\Exercise01\Exercise01.csproj", "{8EAF2A3F-491C-49BE-B3CD-A87E468B619C}"
EndProject
Project("{FAE04EC0-301F-11D3-BF4B-00C04F79EFBC}") = "Exercise02", "Chapter11\演習問題\Exercise02\Exercise02.csproj", "{BDCDB243-77AE-4B03-9467-E45AACD8669E}"
EndProject
Project("{FAE04EC0-301F-11D3-BF4B-00C04F79EFBC}") = "Section03", "Chapter11\Section03\Section03.csproj", "{A9BA3040-C4A9-4C5A-8F03-D482156AF2E3}"
EndProject
Project("{FAE04EC0-301F-11D3-BF4B-00C04F79EFBC}") = "Exercise03", "Chapter11\演習問題\Exercise03\Exercise03.csproj", "{20B0392B-372A-4E36-A6F8-A9CFD3958E62}"
EndProject
Project("{FAE04EC0-301F-11D3-BF4B-00C04F79EFBC}") = "Section04", "Chapter11\Section04\Section04.csproj", "{D83587F0-E534-4C59-8131-B32E7430D6C7}"
EndProject
Project("{FAE04EC0-301F-11D3-BF4B-00C04F79EFBC}") = "Exercise04", "Chapter11\Exercise04\Exercise04.csproj", "{6169FCAA-B553-466F-9481-47CEE2E38E40}"
EndProject
Project("{FAE04EC0-301F-11D3-BF4B-00C04F79EFBC}") = "Exercise05", "Chapter11\Exercise05\Exercise05.csproj", "{EA14E38D-32E6-4E4D-B2EC-20D859AE0BB1}"
EndProject
Project("{2150E333-8FDC-42A3-9474-1A3956D46DE8}") = "WPF", "WPF", "{EE70A0B4-8358-49AE-BD52-CB738353F6AA}"
EndProject
Project("{FAE04EC0-301F-11D3-BF4B-00C04F79EFBC}") = "SampleApplication", "WPF\SampleApplication\SampleApplication.csproj", "{DFE91C5E-CD0B-4B23-AFC0-F81109B64FE6}"
EndProject
Project("{FAE04EC0-301F-11D3-BF4B-00C04F79EFBC}") = "SampleSlider", "WPF\SampleSlider\SampleSlider.csproj", "{6DC5FB79-4B05-4719-BFAB-1628CC6FE2F6}"
EndProject
Project("{FAE04EC0-301F-11D3-BF4B-00C04F79EFBC}") = "ColorChecker", "WPF\ColorChecker\ColorChecker.csproj", "{CDF95AB8-69A6-4ED2-B281-817D70D902EE}"
EndProject
Project("{FAE04EC0-301F-11D3-BF4B-00C04F79EFBC}") = "ConverterApp", "WPF\ConverterApp\ConverterApp.csproj", "{8B22A393-8DA8-40E9-A13A-A6D8E1279A1E}"
EndProject
Project("{FAE04EC0-301F-11D3-BF4B-00C04F79EFBC}") = "HelloWorld", "WPF\HelloWorld\HelloWorld.csproj", "{D5F49DAB-A152-45D2-8070-154F43A2FA1F}"
EndProject
Project("{FAE04EC0-301F-11D3-BF4B-00C04F79EFBC}") = "PrismObservesSample", "WPF\PrismObservesSample\PrismObservesSample.csproj", "{16A856DD-8A2B-4B61-B371-87C5B6EE8FBE}"
EndProject
Project("{FAE04EC0-301F-11D3-BF4B-00C04F79EFBC}") = "SampleUnitConverter", "WPF\SampleUnitConverter\SampleUnitConverter.csproj", "{42AE07DB-17BA-4D69-9C5F-0A46B10501AD}"
EndProject
Project("{2150E333-8FDC-42A3-9474-1A3956D46DE8}") = "SQLite", "SQLite", "{A9920058-B0C1-4189-83B3-6D9079FEA296}"
EndProject
Project("{FAE04EC0-301F-11D3-BF4B-00C04F79EFBC}") = "Sample", "SQLite\Sample\Sample.csproj", "{28CEA411-9D78-4C58-AF68-F02A54B43A64}"
EndProject
Project("{FAE04EC0-301F-11D3-BF4B-00C04F79EFBC}") = "CustomerApp", "SQLite\CustomerApp\CustomerApp.csproj", "{A7EEFA62-E4D9-46B7-A6F2-53C4157F6B07}"
EndProject
Project("{2150E333-8FDC-42A3-9474-1A3956D46DE8}") = "Chapter13", "Chapter13", "{089F16BA-414F-4931-9621-F63EFD65459D}"
EndProject
Project("{FAE04EC0-301F-11D3-BF4B-00C04F79EFBC}") = "Section01", "Chapter13\Section01\Section01.csproj", "{9F72592B-AAB1-4EB2-9730-BAA9CD72FB48}"
EndProject
Project("{2150E333-8FDC-42A3-9474-1A3956D46DE8}") = "演習問題", "演習問題", "{31D87479-3637-4494-A374-13E69081AC92}"
EndProject
Project("{FAE04EC0-301F-11D3-BF4B-00C04F79EFBC}") = "Exercise01", "Chapter13\Exercise01\Exercise01.csproj", "{A17293E9-5062-428D-B137-5891CBE58DF0}"
EndProject
Project("{2150E333-8FDC-42A3-9474-1A3956D46DE8}") = "Chapter14", "Chapter14", "{5EB8E08B-98E9-483B-B429-19AB28B53FC6}"
EndProject
Project("{FAE04EC0-301F-11D3-BF4B-00C04F79EFBC}") = "Section03", "Chapter14\Section03\Section03.csproj", "{E7CCF52A-C74E-4096-A065-20EF8F801CDB}"
EndProject
Project("{2150E333-8FDC-42A3-9474-1A3956D46DE8}") = "演習問題", "演習問題", "{C21AEDA7-18CA-4BDB-A8B3-DAE8AEF25BE7}"
EndProject
Project("{FAE04EC0-301F-11D3-BF4B-00C04F79EFBC}") = "Exercise01_WPF", "Chapter14\演習問題\Exercise01_WPF\Exercise01_WPF.csproj", "{245C02CA-719A-447D-A66E-38B49AA54F95}"
EndProject
Project("{FAE04EC0-301F-11D3-BF4B-00C04F79EFBC}") = "Section04", "Chapter14\Section04\Section04.csproj", "{C6CD9C02-37E4-40A7-A5F8-3A75FC201929}"
EndProject
Project("{FAE04EC0-301F-11D3-BF4B-00C04F79EFBC}") = "WebBrowser", "Chapter14\WebBrowser\WebBrowser.csproj", "{5DB3FFE1-44AC-4540-BF9D-6D53C5E5609B}"
EndProject
Project("{FAE04EC0-301F-11D3-BF4B-00C04F79EFBC}") = "Section05", "Chapter14\Section05\Section05.csproj", "{00D3F679-6514-4FC7-BA56-089189B1C131}"
EndProject
Project("{2150E333-8FDC-42A3-9474-1A3956D46DE8}") = "Chapter10", "Chapter10", "{1E86B1C4-1B67-4B96-A71B-2C5886EA0739}"
EndProject
Project("{FAE04EC0-301F-11D3-BF4B-00C04F79EFBC}") = "Section01", "Chapter10\Section01\Section01.csproj", "{43F59F73-C10D-4D9F-A236-C4182E967EBD}"
EndProject
Project("{FAE04EC0-301F-11D3-BF4B-00C04F79EFBC}") = "Section02", "Chapter10\Section02\Section02.csproj", "{43BB4E15-9058-4362-9776-21BC78A02DE7}"
EndProject
Project("{FAE04EC0-301F-11D3-BF4B-00C04F79EFBC}") = "Section03", "Chapter10\Section03\Section03.csproj", "{E0351C47-71F8-42C0-9D08-C83B4ECB1283}"
EndProject
Project("{2150E333-8FDC-42A3-9474-1A3956D46DE8}") = "Chapter15", "Chapter15", "{3364AEA3-99DA-4849-B228-3D29DC6F7F1A}"
EndProject
Project("{FAE04EC0-301F-11D3-BF4B-00C04F79EFBC}") = "Section01", "Chapter15\Section01\Section01.csproj", "{6D27C79B-D382-4DA2-9857-3CA891F051A5}"
EndProject
Project("{2150E333-8FDC-42A3-9474-1A3956D46DE8}") = "TemplateMethod", "TemplateMethod", "{47B14233-2F6D-4233-A46C-FB8663569223}"
EndProject
Project("{FAE04EC0-301F-11D3-BF4B-00C04F79EFBC}") = "TextFileProcessor", "Chapter15\TemplateMethod\TextFileProcessor\TextFileProcessor.csproj", "{2A1578EC-642E-4069-81D8-BC842E076C6F}"
EndProject
Project("{FAE04EC0-301F-11D3-BF4B-00C04F79EFBC}") = "LineCounter", "Chapter15\TemplateMethod\LineCounter\LineCounter.csproj", "{9B6CA3B8-6CB8-4BEC-AD1F-1D9778F8A5C8}"
EndProject
Project("{2150E333-8FDC-42A3-9474-1A3956D46DE8}") = "Strategy", "Strategy", "{471045A6-31A3-435D-A569-6888630AB0E7}"
EndProject
Project("{FAE04EC0-301F-11D3-BF4B-00C04F79EFBC}") = "DistanceConverter", "Chapter15\Stratege\DistanceConverter\DistanceConverter.csproj", "{2A1A3108-31E0-4A0D-B187-7EC5A6418B99}"
EndProject
Global
	GlobalSection(SolutionConfigurationPlatforms) = preSolution
		Debug|Any CPU = Debug|Any CPU
		Release|Any CPU = Release|Any CPU
	EndGlobalSection
	GlobalSection(ProjectConfigurationPlatforms) = postSolution
		{ED1910CD-CECA-4999-9B5D-654E76C847F3}.Debug|Any CPU.ActiveCfg = Debug|Any CPU
		{ED1910CD-CECA-4999-9B5D-654E76C847F3}.Debug|Any CPU.Build.0 = Debug|Any CPU
		{ED1910CD-CECA-4999-9B5D-654E76C847F3}.Release|Any CPU.ActiveCfg = Release|Any CPU
		{ED1910CD-CECA-4999-9B5D-654E76C847F3}.Release|Any CPU.Build.0 = Release|Any CPU
		{E25972A8-0F97-4AA8-B43F-24C2545D0934}.Debug|Any CPU.ActiveCfg = Debug|Any CPU
		{E25972A8-0F97-4AA8-B43F-24C2545D0934}.Debug|Any CPU.Build.0 = Debug|Any CPU
		{E25972A8-0F97-4AA8-B43F-24C2545D0934}.Release|Any CPU.ActiveCfg = Release|Any CPU
		{E25972A8-0F97-4AA8-B43F-24C2545D0934}.Release|Any CPU.Build.0 = Release|Any CPU
		{01DB6521-37E6-4C64-8AD2-62C2B9F19D97}.Debug|Any CPU.ActiveCfg = Debug|Any CPU
		{01DB6521-37E6-4C64-8AD2-62C2B9F19D97}.Debug|Any CPU.Build.0 = Debug|Any CPU
		{01DB6521-37E6-4C64-8AD2-62C2B9F19D97}.Release|Any CPU.ActiveCfg = Release|Any CPU
		{01DB6521-37E6-4C64-8AD2-62C2B9F19D97}.Release|Any CPU.Build.0 = Release|Any CPU
		{C720723E-AF88-48F4-8413-CC2FFDB8CA07}.Debug|Any CPU.ActiveCfg = Debug|Any CPU
		{C720723E-AF88-48F4-8413-CC2FFDB8CA07}.Debug|Any CPU.Build.0 = Debug|Any CPU
		{C720723E-AF88-48F4-8413-CC2FFDB8CA07}.Release|Any CPU.ActiveCfg = Release|Any CPU
		{C720723E-AF88-48F4-8413-CC2FFDB8CA07}.Release|Any CPU.Build.0 = Release|Any CPU
		{91F74D90-A80D-4AA6-A8F5-A04851C93580}.Debug|Any CPU.ActiveCfg = Debug|Any CPU
		{91F74D90-A80D-4AA6-A8F5-A04851C93580}.Debug|Any CPU.Build.0 = Debug|Any CPU
		{91F74D90-A80D-4AA6-A8F5-A04851C93580}.Release|Any CPU.ActiveCfg = Release|Any CPU
		{91F74D90-A80D-4AA6-A8F5-A04851C93580}.Release|Any CPU.Build.0 = Release|Any CPU
		{ACBBCC44-E900-4CD0-83DB-E928248AB80A}.Debug|Any CPU.ActiveCfg = Debug|Any CPU
		{ACBBCC44-E900-4CD0-83DB-E928248AB80A}.Debug|Any CPU.Build.0 = Debug|Any CPU
		{ACBBCC44-E900-4CD0-83DB-E928248AB80A}.Release|Any CPU.ActiveCfg = Release|Any CPU
		{ACBBCC44-E900-4CD0-83DB-E928248AB80A}.Release|Any CPU.Build.0 = Release|Any CPU
		{0E4C0E50-9978-455E-A086-103EB6FDEFFE}.Debug|Any CPU.ActiveCfg = Debug|Any CPU
		{0E4C0E50-9978-455E-A086-103EB6FDEFFE}.Debug|Any CPU.Build.0 = Debug|Any CPU
		{0E4C0E50-9978-455E-A086-103EB6FDEFFE}.Release|Any CPU.ActiveCfg = Release|Any CPU
		{0E4C0E50-9978-455E-A086-103EB6FDEFFE}.Release|Any CPU.Build.0 = Release|Any CPU
		{0ED1EC1B-3FAB-499C-B02A-4DAFC8F305BD}.Debug|Any CPU.ActiveCfg = Debug|Any CPU
		{0ED1EC1B-3FAB-499C-B02A-4DAFC8F305BD}.Debug|Any CPU.Build.0 = Debug|Any CPU
		{0ED1EC1B-3FAB-499C-B02A-4DAFC8F305BD}.Release|Any CPU.ActiveCfg = Release|Any CPU
		{0ED1EC1B-3FAB-499C-B02A-4DAFC8F305BD}.Release|Any CPU.Build.0 = Release|Any CPU
		{9166F958-90C6-4297-B4A0-036DFE2A3A84}.Debug|Any CPU.ActiveCfg = Debug|Any CPU
		{9166F958-90C6-4297-B4A0-036DFE2A3A84}.Debug|Any CPU.Build.0 = Debug|Any CPU
		{9166F958-90C6-4297-B4A0-036DFE2A3A84}.Release|Any CPU.ActiveCfg = Release|Any CPU
		{9166F958-90C6-4297-B4A0-036DFE2A3A84}.Release|Any CPU.Build.0 = Release|Any CPU
		{85542D9D-C81A-4D5E-B8AC-E84B029966ED}.Debug|Any CPU.ActiveCfg = Debug|Any CPU
		{85542D9D-C81A-4D5E-B8AC-E84B029966ED}.Debug|Any CPU.Build.0 = Debug|Any CPU
		{85542D9D-C81A-4D5E-B8AC-E84B029966ED}.Release|Any CPU.ActiveCfg = Release|Any CPU
		{85542D9D-C81A-4D5E-B8AC-E84B029966ED}.Release|Any CPU.Build.0 = Release|Any CPU
		{B2B4E85A-2888-42A1-8466-5DA05BCD82F2}.Debug|Any CPU.ActiveCfg = Debug|Any CPU
		{B2B4E85A-2888-42A1-8466-5DA05BCD82F2}.Debug|Any CPU.Build.0 = Debug|Any CPU
		{B2B4E85A-2888-42A1-8466-5DA05BCD82F2}.Release|Any CPU.ActiveCfg = Release|Any CPU
		{B2B4E85A-2888-42A1-8466-5DA05BCD82F2}.Release|Any CPU.Build.0 = Release|Any CPU
		{BB08AD8B-6640-4B05-964F-68504A940BD8}.Debug|Any CPU.ActiveCfg = Debug|Any CPU
		{BB08AD8B-6640-4B05-964F-68504A940BD8}.Debug|Any CPU.Build.0 = Debug|Any CPU
		{BB08AD8B-6640-4B05-964F-68504A940BD8}.Release|Any CPU.ActiveCfg = Release|Any CPU
		{BB08AD8B-6640-4B05-964F-68504A940BD8}.Release|Any CPU.Build.0 = Release|Any CPU
		{8AC43160-D50B-4ADB-B12E-6FE3F6D07EB8}.Debug|Any CPU.ActiveCfg = Debug|Any CPU
		{8AC43160-D50B-4ADB-B12E-6FE3F6D07EB8}.Debug|Any CPU.Build.0 = Debug|Any CPU
		{8AC43160-D50B-4ADB-B12E-6FE3F6D07EB8}.Release|Any CPU.ActiveCfg = Release|Any CPU
		{8AC43160-D50B-4ADB-B12E-6FE3F6D07EB8}.Release|Any CPU.Build.0 = Release|Any CPU
		{381DCC37-22C5-421B-BD91-ACEB45CF0383}.Debug|Any CPU.ActiveCfg = Debug|Any CPU
		{381DCC37-22C5-421B-BD91-ACEB45CF0383}.Debug|Any CPU.Build.0 = Debug|Any CPU
		{381DCC37-22C5-421B-BD91-ACEB45CF0383}.Release|Any CPU.ActiveCfg = Release|Any CPU
		{381DCC37-22C5-421B-BD91-ACEB45CF0383}.Release|Any CPU.Build.0 = Release|Any CPU
		{47630A5C-EC0D-4249-9E76-0C0E94A9D36D}.Debug|Any CPU.ActiveCfg = Debug|Any CPU
		{47630A5C-EC0D-4249-9E76-0C0E94A9D36D}.Debug|Any CPU.Build.0 = Debug|Any CPU
		{47630A5C-EC0D-4249-9E76-0C0E94A9D36D}.Release|Any CPU.ActiveCfg = Release|Any CPU
		{47630A5C-EC0D-4249-9E76-0C0E94A9D36D}.Release|Any CPU.Build.0 = Release|Any CPU
		{91F62091-8B19-49FC-98FF-29341B133BB2}.Debug|Any CPU.ActiveCfg = Debug|Any CPU
		{91F62091-8B19-49FC-98FF-29341B133BB2}.Debug|Any CPU.Build.0 = Debug|Any CPU
		{91F62091-8B19-49FC-98FF-29341B133BB2}.Release|Any CPU.ActiveCfg = Release|Any CPU
		{91F62091-8B19-49FC-98FF-29341B133BB2}.Release|Any CPU.Build.0 = Release|Any CPU
		{4B8D7E9E-D0D6-411C-A8A8-9A77CA5D51E1}.Debug|Any CPU.ActiveCfg = Debug|Any CPU
		{4B8D7E9E-D0D6-411C-A8A8-9A77CA5D51E1}.Debug|Any CPU.Build.0 = Debug|Any CPU
		{4B8D7E9E-D0D6-411C-A8A8-9A77CA5D51E1}.Release|Any CPU.ActiveCfg = Release|Any CPU
		{4B8D7E9E-D0D6-411C-A8A8-9A77CA5D51E1}.Release|Any CPU.Build.0 = Release|Any CPU
		{1BFA9235-026A-4831-9734-9B8B8C79E234}.Debug|Any CPU.ActiveCfg = Debug|Any CPU
		{1BFA9235-026A-4831-9734-9B8B8C79E234}.Debug|Any CPU.Build.0 = Debug|Any CPU
		{1BFA9235-026A-4831-9734-9B8B8C79E234}.Release|Any CPU.ActiveCfg = Release|Any CPU
		{1BFA9235-026A-4831-9734-9B8B8C79E234}.Release|Any CPU.Build.0 = Release|Any CPU
		{0F739447-492C-463B-A060-FF2B20C8138B}.Debug|Any CPU.ActiveCfg = Debug|Any CPU
		{0F739447-492C-463B-A060-FF2B20C8138B}.Debug|Any CPU.Build.0 = Debug|Any CPU
		{0F739447-492C-463B-A060-FF2B20C8138B}.Release|Any CPU.ActiveCfg = Release|Any CPU
		{0F739447-492C-463B-A060-FF2B20C8138B}.Release|Any CPU.Build.0 = Release|Any CPU
		{70D7A2AF-0015-47B4-AC31-9E86FB9AE71B}.Debug|Any CPU.ActiveCfg = Debug|Any CPU
		{70D7A2AF-0015-47B4-AC31-9E86FB9AE71B}.Debug|Any CPU.Build.0 = Debug|Any CPU
		{70D7A2AF-0015-47B4-AC31-9E86FB9AE71B}.Release|Any CPU.ActiveCfg = Release|Any CPU
		{70D7A2AF-0015-47B4-AC31-9E86FB9AE71B}.Release|Any CPU.Build.0 = Release|Any CPU
		{9140FDD6-C254-41AE-BAF0-8CC1A240A875}.Debug|Any CPU.ActiveCfg = Debug|Any CPU
		{9140FDD6-C254-41AE-BAF0-8CC1A240A875}.Debug|Any CPU.Build.0 = Debug|Any CPU
		{9140FDD6-C254-41AE-BAF0-8CC1A240A875}.Release|Any CPU.ActiveCfg = Release|Any CPU
		{9140FDD6-C254-41AE-BAF0-8CC1A240A875}.Release|Any CPU.Build.0 = Release|Any CPU
		{91F67FAF-6CE2-4AAC-83C2-12605D047F2A}.Debug|Any CPU.ActiveCfg = Debug|Any CPU
		{91F67FAF-6CE2-4AAC-83C2-12605D047F2A}.Debug|Any CPU.Build.0 = Debug|Any CPU
		{91F67FAF-6CE2-4AAC-83C2-12605D047F2A}.Release|Any CPU.ActiveCfg = Release|Any CPU
		{91F67FAF-6CE2-4AAC-83C2-12605D047F2A}.Release|Any CPU.Build.0 = Release|Any CPU
		{98B0ED67-FAB8-4882-B469-AA021102AB9C}.Debug|Any CPU.ActiveCfg = Debug|Any CPU
		{98B0ED67-FAB8-4882-B469-AA021102AB9C}.Debug|Any CPU.Build.0 = Debug|Any CPU
		{98B0ED67-FAB8-4882-B469-AA021102AB9C}.Release|Any CPU.ActiveCfg = Release|Any CPU
		{98B0ED67-FAB8-4882-B469-AA021102AB9C}.Release|Any CPU.Build.0 = Release|Any CPU
		{7FAA8CD9-BC97-4202-B994-C89029D5FD93}.Debug|Any CPU.ActiveCfg = Debug|Any CPU
		{7FAA8CD9-BC97-4202-B994-C89029D5FD93}.Debug|Any CPU.Build.0 = Debug|Any CPU
		{7FAA8CD9-BC97-4202-B994-C89029D5FD93}.Release|Any CPU.ActiveCfg = Release|Any CPU
		{7FAA8CD9-BC97-4202-B994-C89029D5FD93}.Release|Any CPU.Build.0 = Release|Any CPU
		{01BFBCE4-6204-410D-A8C1-083C81CC293C}.Debug|Any CPU.ActiveCfg = Debug|Any CPU
		{01BFBCE4-6204-410D-A8C1-083C81CC293C}.Debug|Any CPU.Build.0 = Debug|Any CPU
		{01BFBCE4-6204-410D-A8C1-083C81CC293C}.Release|Any CPU.ActiveCfg = Release|Any CPU
		{01BFBCE4-6204-410D-A8C1-083C81CC293C}.Release|Any CPU.Build.0 = Release|Any CPU
		{0E01996C-7E30-4D65-8A78-6893D9D5CFC6}.Debug|Any CPU.ActiveCfg = Debug|Any CPU
		{0E01996C-7E30-4D65-8A78-6893D9D5CFC6}.Debug|Any CPU.Build.0 = Debug|Any CPU
		{0E01996C-7E30-4D65-8A78-6893D9D5CFC6}.Release|Any CPU.ActiveCfg = Release|Any CPU
		{0E01996C-7E30-4D65-8A78-6893D9D5CFC6}.Release|Any CPU.Build.0 = Release|Any CPU
		{323A2BE0-9064-43D8-B0F1-A8F19CCEDB43}.Debug|Any CPU.ActiveCfg = Debug|Any CPU
		{323A2BE0-9064-43D8-B0F1-A8F19CCEDB43}.Debug|Any CPU.Build.0 = Debug|Any CPU
		{323A2BE0-9064-43D8-B0F1-A8F19CCEDB43}.Release|Any CPU.ActiveCfg = Release|Any CPU
		{323A2BE0-9064-43D8-B0F1-A8F19CCEDB43}.Release|Any CPU.Build.0 = Release|Any CPU
		{335955EE-E909-42AD-B037-CA15EAF3593E}.Debug|Any CPU.ActiveCfg = Debug|Any CPU
		{335955EE-E909-42AD-B037-CA15EAF3593E}.Debug|Any CPU.Build.0 = Debug|Any CPU
		{335955EE-E909-42AD-B037-CA15EAF3593E}.Release|Any CPU.ActiveCfg = Release|Any CPU
		{335955EE-E909-42AD-B037-CA15EAF3593E}.Release|Any CPU.Build.0 = Release|Any CPU
		{C4C2E9B2-FBB0-43E1-87BE-7FF417BEB411}.Debug|Any CPU.ActiveCfg = Debug|Any CPU
		{C4C2E9B2-FBB0-43E1-87BE-7FF417BEB411}.Debug|Any CPU.Build.0 = Debug|Any CPU
		{C4C2E9B2-FBB0-43E1-87BE-7FF417BEB411}.Release|Any CPU.ActiveCfg = Release|Any CPU
		{C4C2E9B2-FBB0-43E1-87BE-7FF417BEB411}.Release|Any CPU.Build.0 = Release|Any CPU
		{774AD71B-EBE1-4ADD-82FA-ED9AB99CEE6A}.Debug|Any CPU.ActiveCfg = Debug|Any CPU
		{774AD71B-EBE1-4ADD-82FA-ED9AB99CEE6A}.Debug|Any CPU.Build.0 = Debug|Any CPU
		{774AD71B-EBE1-4ADD-82FA-ED9AB99CEE6A}.Release|Any CPU.ActiveCfg = Release|Any CPU
		{774AD71B-EBE1-4ADD-82FA-ED9AB99CEE6A}.Release|Any CPU.Build.0 = Release|Any CPU
		{ED921292-D3D8-4E30-99DF-C202A1192B0C}.Debug|Any CPU.ActiveCfg = Debug|Any CPU
		{ED921292-D3D8-4E30-99DF-C202A1192B0C}.Debug|Any CPU.Build.0 = Debug|Any CPU
		{ED921292-D3D8-4E30-99DF-C202A1192B0C}.Release|Any CPU.ActiveCfg = Release|Any CPU
		{ED921292-D3D8-4E30-99DF-C202A1192B0C}.Release|Any CPU.Build.0 = Release|Any CPU
		{F49CEB3B-C564-48C3-BFE5-43CEDA02D339}.Debug|Any CPU.ActiveCfg = Debug|Any CPU
		{F49CEB3B-C564-48C3-BFE5-43CEDA02D339}.Debug|Any CPU.Build.0 = Debug|Any CPU
		{F49CEB3B-C564-48C3-BFE5-43CEDA02D339}.Release|Any CPU.ActiveCfg = Release|Any CPU
		{F49CEB3B-C564-48C3-BFE5-43CEDA02D339}.Release|Any CPU.Build.0 = Release|Any CPU
		{D49D0B26-0E61-4FDB-A24C-D9044770B257}.Debug|Any CPU.ActiveCfg = Debug|Any CPU
		{D49D0B26-0E61-4FDB-A24C-D9044770B257}.Debug|Any CPU.Build.0 = Debug|Any CPU
		{D49D0B26-0E61-4FDB-A24C-D9044770B257}.Release|Any CPU.ActiveCfg = Release|Any CPU
		{D49D0B26-0E61-4FDB-A24C-D9044770B257}.Release|Any CPU.Build.0 = Release|Any CPU
		{6EF7678A-A725-F430-3097-30F090C0100A}.Debug|Any CPU.ActiveCfg = Debug|Any CPU
		{6EF7678A-A725-F430-3097-30F090C0100A}.Debug|Any CPU.Build.0 = Debug|Any CPU
		{6EF7678A-A725-F430-3097-30F090C0100A}.Release|Any CPU.ActiveCfg = Release|Any CPU
		{6EF7678A-A725-F430-3097-30F090C0100A}.Release|Any CPU.Build.0 = Release|Any CPU
		{010D0C11-D6A2-3CA6-3281-4E0FD547EC2D}.Debug|Any CPU.ActiveCfg = Debug|Any CPU
		{010D0C11-D6A2-3CA6-3281-4E0FD547EC2D}.Debug|Any CPU.Build.0 = Debug|Any CPU
		{010D0C11-D6A2-3CA6-3281-4E0FD547EC2D}.Release|Any CPU.ActiveCfg = Release|Any CPU
		{010D0C11-D6A2-3CA6-3281-4E0FD547EC2D}.Release|Any CPU.Build.0 = Release|Any CPU
		{00B059D4-B78A-4DAC-8F09-27F50E20BB7F}.Debug|Any CPU.ActiveCfg = Debug|Any CPU
		{00B059D4-B78A-4DAC-8F09-27F50E20BB7F}.Debug|Any CPU.Build.0 = Debug|Any CPU
		{00B059D4-B78A-4DAC-8F09-27F50E20BB7F}.Release|Any CPU.ActiveCfg = Release|Any CPU
		{00B059D4-B78A-4DAC-8F09-27F50E20BB7F}.Release|Any CPU.Build.0 = Release|Any CPU
		{6FA3F352-FD82-4001-9FB4-2781740AFB1E}.Debug|Any CPU.ActiveCfg = Debug|Any CPU
		{6FA3F352-FD82-4001-9FB4-2781740AFB1E}.Debug|Any CPU.Build.0 = Debug|Any CPU
		{6FA3F352-FD82-4001-9FB4-2781740AFB1E}.Release|Any CPU.ActiveCfg = Release|Any CPU
		{6FA3F352-FD82-4001-9FB4-2781740AFB1E}.Release|Any CPU.Build.0 = Release|Any CPU
		{477171F7-4EED-4B54-8D11-B931F4C8B4F2}.Debug|Any CPU.ActiveCfg = Debug|Any CPU
		{477171F7-4EED-4B54-8D11-B931F4C8B4F2}.Debug|Any CPU.Build.0 = Debug|Any CPU
		{477171F7-4EED-4B54-8D11-B931F4C8B4F2}.Release|Any CPU.ActiveCfg = Release|Any CPU
		{477171F7-4EED-4B54-8D11-B931F4C8B4F2}.Release|Any CPU.Build.0 = Release|Any CPU
		{EA04066C-0541-4493-83BB-D8150740D9C7}.Debug|Any CPU.ActiveCfg = Debug|Any CPU
		{EA04066C-0541-4493-83BB-D8150740D9C7}.Debug|Any CPU.Build.0 = Debug|Any CPU
		{EA04066C-0541-4493-83BB-D8150740D9C7}.Release|Any CPU.ActiveCfg = Release|Any CPU
		{EA04066C-0541-4493-83BB-D8150740D9C7}.Release|Any CPU.Build.0 = Release|Any CPU
		{0B48C449-0B35-182D-2B8C-BFE6C8DF0359}.Debug|Any CPU.ActiveCfg = Debug|Any CPU
		{0B48C449-0B35-182D-2B8C-BFE6C8DF0359}.Debug|Any CPU.Build.0 = Debug|Any CPU
		{0B48C449-0B35-182D-2B8C-BFE6C8DF0359}.Release|Any CPU.ActiveCfg = Release|Any CPU
		{0B48C449-0B35-182D-2B8C-BFE6C8DF0359}.Release|Any CPU.Build.0 = Release|Any CPU
		{50506639-CF40-46C3-82AF-EE4A291CE89D}.Debug|Any CPU.ActiveCfg = Debug|Any CPU
		{50506639-CF40-46C3-82AF-EE4A291CE89D}.Debug|Any CPU.Build.0 = Debug|Any CPU
		{50506639-CF40-46C3-82AF-EE4A291CE89D}.Release|Any CPU.ActiveCfg = Release|Any CPU
		{50506639-CF40-46C3-82AF-EE4A291CE89D}.Release|Any CPU.Build.0 = Release|Any CPU
		{B1F03A09-5CEB-4F4A-B346-A22EA8169529}.Debug|Any CPU.ActiveCfg = Debug|Any CPU
		{B1F03A09-5CEB-4F4A-B346-A22EA8169529}.Debug|Any CPU.Build.0 = Debug|Any CPU
		{B1F03A09-5CEB-4F4A-B346-A22EA8169529}.Release|Any CPU.ActiveCfg = Release|Any CPU
		{B1F03A09-5CEB-4F4A-B346-A22EA8169529}.Release|Any CPU.Build.0 = Release|Any CPU
		{DAB9EB85-55C2-4C08-B911-F53578F96345}.Debug|Any CPU.ActiveCfg = Debug|Any CPU
		{DAB9EB85-55C2-4C08-B911-F53578F96345}.Debug|Any CPU.Build.0 = Debug|Any CPU
		{DAB9EB85-55C2-4C08-B911-F53578F96345}.Release|Any CPU.ActiveCfg = Release|Any CPU
		{DAB9EB85-55C2-4C08-B911-F53578F96345}.Release|Any CPU.Build.0 = Release|Any CPU
		{6F887373-3D74-4149-A495-27E814361607}.Debug|Any CPU.ActiveCfg = Debug|Any CPU
		{6F887373-3D74-4149-A495-27E814361607}.Debug|Any CPU.Build.0 = Debug|Any CPU
		{6F887373-3D74-4149-A495-27E814361607}.Release|Any CPU.ActiveCfg = Release|Any CPU
		{6F887373-3D74-4149-A495-27E814361607}.Release|Any CPU.Build.0 = Release|Any CPU
		{8AD2EED6-5142-B9D5-EB8B-BB1A11EC0408}.Debug|Any CPU.ActiveCfg = Debug|Any CPU
		{8AD2EED6-5142-B9D5-EB8B-BB1A11EC0408}.Debug|Any CPU.Build.0 = Debug|Any CPU
		{8AD2EED6-5142-B9D5-EB8B-BB1A11EC0408}.Release|Any CPU.ActiveCfg = Release|Any CPU
		{8AD2EED6-5142-B9D5-EB8B-BB1A11EC0408}.Release|Any CPU.Build.0 = Release|Any CPU
		{EA4A8055-1398-D3D7-71C5-6C05759E8DEC}.Debug|Any CPU.ActiveCfg = Debug|Any CPU
		{EA4A8055-1398-D3D7-71C5-6C05759E8DEC}.Debug|Any CPU.Build.0 = Debug|Any CPU
		{EA4A8055-1398-D3D7-71C5-6C05759E8DEC}.Release|Any CPU.ActiveCfg = Release|Any CPU
		{EA4A8055-1398-D3D7-71C5-6C05759E8DEC}.Release|Any CPU.Build.0 = Release|Any CPU
		{0220FC3C-6278-4647-8E67-47D47E27E388}.Debug|Any CPU.ActiveCfg = Debug|Any CPU
		{0220FC3C-6278-4647-8E67-47D47E27E388}.Debug|Any CPU.Build.0 = Debug|Any CPU
		{0220FC3C-6278-4647-8E67-47D47E27E388}.Release|Any CPU.ActiveCfg = Release|Any CPU
		{0220FC3C-6278-4647-8E67-47D47E27E388}.Release|Any CPU.Build.0 = Release|Any CPU
		{2F5FB9E1-E1D2-47FD-8AA1-EC349903846D}.Debug|Any CPU.ActiveCfg = Debug|Any CPU
		{2F5FB9E1-E1D2-47FD-8AA1-EC349903846D}.Debug|Any CPU.Build.0 = Debug|Any CPU
		{2F5FB9E1-E1D2-47FD-8AA1-EC349903846D}.Release|Any CPU.ActiveCfg = Release|Any CPU
		{2F5FB9E1-E1D2-47FD-8AA1-EC349903846D}.Release|Any CPU.Build.0 = Release|Any CPU
		{8EAF2A3F-491C-49BE-B3CD-A87E468B619C}.Debug|Any CPU.ActiveCfg = Debug|Any CPU
		{8EAF2A3F-491C-49BE-B3CD-A87E468B619C}.Debug|Any CPU.Build.0 = Debug|Any CPU
		{8EAF2A3F-491C-49BE-B3CD-A87E468B619C}.Release|Any CPU.ActiveCfg = Release|Any CPU
		{8EAF2A3F-491C-49BE-B3CD-A87E468B619C}.Release|Any CPU.Build.0 = Release|Any CPU
		{BDCDB243-77AE-4B03-9467-E45AACD8669E}.Debug|Any CPU.ActiveCfg = Debug|Any CPU
		{BDCDB243-77AE-4B03-9467-E45AACD8669E}.Debug|Any CPU.Build.0 = Debug|Any CPU
		{BDCDB243-77AE-4B03-9467-E45AACD8669E}.Release|Any CPU.ActiveCfg = Release|Any CPU
		{BDCDB243-77AE-4B03-9467-E45AACD8669E}.Release|Any CPU.Build.0 = Release|Any CPU
		{A9BA3040-C4A9-4C5A-8F03-D482156AF2E3}.Debug|Any CPU.ActiveCfg = Debug|Any CPU
		{A9BA3040-C4A9-4C5A-8F03-D482156AF2E3}.Debug|Any CPU.Build.0 = Debug|Any CPU
		{A9BA3040-C4A9-4C5A-8F03-D482156AF2E3}.Release|Any CPU.ActiveCfg = Release|Any CPU
		{A9BA3040-C4A9-4C5A-8F03-D482156AF2E3}.Release|Any CPU.Build.0 = Release|Any CPU
		{20B0392B-372A-4E36-A6F8-A9CFD3958E62}.Debug|Any CPU.ActiveCfg = Debug|Any CPU
		{20B0392B-372A-4E36-A6F8-A9CFD3958E62}.Debug|Any CPU.Build.0 = Debug|Any CPU
		{20B0392B-372A-4E36-A6F8-A9CFD3958E62}.Release|Any CPU.ActiveCfg = Release|Any CPU
		{20B0392B-372A-4E36-A6F8-A9CFD3958E62}.Release|Any CPU.Build.0 = Release|Any CPU
		{D83587F0-E534-4C59-8131-B32E7430D6C7}.Debug|Any CPU.ActiveCfg = Debug|Any CPU
		{D83587F0-E534-4C59-8131-B32E7430D6C7}.Debug|Any CPU.Build.0 = Debug|Any CPU
		{D83587F0-E534-4C59-8131-B32E7430D6C7}.Release|Any CPU.ActiveCfg = Release|Any CPU
		{D83587F0-E534-4C59-8131-B32E7430D6C7}.Release|Any CPU.Build.0 = Release|Any CPU
		{6169FCAA-B553-466F-9481-47CEE2E38E40}.Debug|Any CPU.ActiveCfg = Debug|Any CPU
		{6169FCAA-B553-466F-9481-47CEE2E38E40}.Debug|Any CPU.Build.0 = Debug|Any CPU
		{6169FCAA-B553-466F-9481-47CEE2E38E40}.Release|Any CPU.ActiveCfg = Release|Any CPU
		{6169FCAA-B553-466F-9481-47CEE2E38E40}.Release|Any CPU.Build.0 = Release|Any CPU
		{EA14E38D-32E6-4E4D-B2EC-20D859AE0BB1}.Debug|Any CPU.ActiveCfg = Debug|Any CPU
		{EA14E38D-32E6-4E4D-B2EC-20D859AE0BB1}.Debug|Any CPU.Build.0 = Debug|Any CPU
		{EA14E38D-32E6-4E4D-B2EC-20D859AE0BB1}.Release|Any CPU.ActiveCfg = Release|Any CPU
		{EA14E38D-32E6-4E4D-B2EC-20D859AE0BB1}.Release|Any CPU.Build.0 = Release|Any CPU
		{DFE91C5E-CD0B-4B23-AFC0-F81109B64FE6}.Debug|Any CPU.ActiveCfg = Debug|Any CPU
		{DFE91C5E-CD0B-4B23-AFC0-F81109B64FE6}.Debug|Any CPU.Build.0 = Debug|Any CPU
		{DFE91C5E-CD0B-4B23-AFC0-F81109B64FE6}.Release|Any CPU.ActiveCfg = Release|Any CPU
		{DFE91C5E-CD0B-4B23-AFC0-F81109B64FE6}.Release|Any CPU.Build.0 = Release|Any CPU
		{6DC5FB79-4B05-4719-BFAB-1628CC6FE2F6}.Debug|Any CPU.ActiveCfg = Debug|Any CPU
		{6DC5FB79-4B05-4719-BFAB-1628CC6FE2F6}.Debug|Any CPU.Build.0 = Debug|Any CPU
		{6DC5FB79-4B05-4719-BFAB-1628CC6FE2F6}.Release|Any CPU.ActiveCfg = Release|Any CPU
		{6DC5FB79-4B05-4719-BFAB-1628CC6FE2F6}.Release|Any CPU.Build.0 = Release|Any CPU
		{CDF95AB8-69A6-4ED2-B281-817D70D902EE}.Debug|Any CPU.ActiveCfg = Debug|Any CPU
		{CDF95AB8-69A6-4ED2-B281-817D70D902EE}.Debug|Any CPU.Build.0 = Debug|Any CPU
		{CDF95AB8-69A6-4ED2-B281-817D70D902EE}.Release|Any CPU.ActiveCfg = Release|Any CPU
		{CDF95AB8-69A6-4ED2-B281-817D70D902EE}.Release|Any CPU.Build.0 = Release|Any CPU
		{8B22A393-8DA8-40E9-A13A-A6D8E1279A1E}.Debug|Any CPU.ActiveCfg = Debug|Any CPU
		{8B22A393-8DA8-40E9-A13A-A6D8E1279A1E}.Debug|Any CPU.Build.0 = Debug|Any CPU
		{8B22A393-8DA8-40E9-A13A-A6D8E1279A1E}.Release|Any CPU.ActiveCfg = Release|Any CPU
		{8B22A393-8DA8-40E9-A13A-A6D8E1279A1E}.Release|Any CPU.Build.0 = Release|Any CPU
		{D5F49DAB-A152-45D2-8070-154F43A2FA1F}.Debug|Any CPU.ActiveCfg = Debug|Any CPU
		{D5F49DAB-A152-45D2-8070-154F43A2FA1F}.Debug|Any CPU.Build.0 = Debug|Any CPU
		{D5F49DAB-A152-45D2-8070-154F43A2FA1F}.Release|Any CPU.ActiveCfg = Release|Any CPU
		{D5F49DAB-A152-45D2-8070-154F43A2FA1F}.Release|Any CPU.Build.0 = Release|Any CPU
		{16A856DD-8A2B-4B61-B371-87C5B6EE8FBE}.Debug|Any CPU.ActiveCfg = Debug|Any CPU
		{16A856DD-8A2B-4B61-B371-87C5B6EE8FBE}.Debug|Any CPU.Build.0 = Debug|Any CPU
		{16A856DD-8A2B-4B61-B371-87C5B6EE8FBE}.Release|Any CPU.ActiveCfg = Release|Any CPU
		{16A856DD-8A2B-4B61-B371-87C5B6EE8FBE}.Release|Any CPU.Build.0 = Release|Any CPU
		{42AE07DB-17BA-4D69-9C5F-0A46B10501AD}.Debug|Any CPU.ActiveCfg = Debug|Any CPU
		{42AE07DB-17BA-4D69-9C5F-0A46B10501AD}.Debug|Any CPU.Build.0 = Debug|Any CPU
		{42AE07DB-17BA-4D69-9C5F-0A46B10501AD}.Release|Any CPU.ActiveCfg = Release|Any CPU
		{42AE07DB-17BA-4D69-9C5F-0A46B10501AD}.Release|Any CPU.Build.0 = Release|Any CPU
		{28CEA411-9D78-4C58-AF68-F02A54B43A64}.Debug|Any CPU.ActiveCfg = Debug|Any CPU
		{28CEA411-9D78-4C58-AF68-F02A54B43A64}.Debug|Any CPU.Build.0 = Debug|Any CPU
		{28CEA411-9D78-4C58-AF68-F02A54B43A64}.Release|Any CPU.ActiveCfg = Release|Any CPU
		{28CEA411-9D78-4C58-AF68-F02A54B43A64}.Release|Any CPU.Build.0 = Release|Any CPU
		{A7EEFA62-E4D9-46B7-A6F2-53C4157F6B07}.Debug|Any CPU.ActiveCfg = Debug|Any CPU
		{A7EEFA62-E4D9-46B7-A6F2-53C4157F6B07}.Debug|Any CPU.Build.0 = Debug|Any CPU
		{A7EEFA62-E4D9-46B7-A6F2-53C4157F6B07}.Release|Any CPU.ActiveCfg = Release|Any CPU
		{A7EEFA62-E4D9-46B7-A6F2-53C4157F6B07}.Release|Any CPU.Build.0 = Release|Any CPU
		{9F72592B-AAB1-4EB2-9730-BAA9CD72FB48}.Debug|Any CPU.ActiveCfg = Debug|Any CPU
		{9F72592B-AAB1-4EB2-9730-BAA9CD72FB48}.Debug|Any CPU.Build.0 = Debug|Any CPU
		{9F72592B-AAB1-4EB2-9730-BAA9CD72FB48}.Release|Any CPU.ActiveCfg = Release|Any CPU
		{9F72592B-AAB1-4EB2-9730-BAA9CD72FB48}.Release|Any CPU.Build.0 = Release|Any CPU
		{A17293E9-5062-428D-B137-5891CBE58DF0}.Debug|Any CPU.ActiveCfg = Debug|Any CPU
		{A17293E9-5062-428D-B137-5891CBE58DF0}.Debug|Any CPU.Build.0 = Debug|Any CPU
		{A17293E9-5062-428D-B137-5891CBE58DF0}.Release|Any CPU.ActiveCfg = Release|Any CPU
		{A17293E9-5062-428D-B137-5891CBE58DF0}.Release|Any CPU.Build.0 = Release|Any CPU
		{E7CCF52A-C74E-4096-A065-20EF8F801CDB}.Debug|Any CPU.ActiveCfg = Debug|Any CPU
		{E7CCF52A-C74E-4096-A065-20EF8F801CDB}.Debug|Any CPU.Build.0 = Debug|Any CPU
		{E7CCF52A-C74E-4096-A065-20EF8F801CDB}.Release|Any CPU.ActiveCfg = Release|Any CPU
		{E7CCF52A-C74E-4096-A065-20EF8F801CDB}.Release|Any CPU.Build.0 = Release|Any CPU
		{245C02CA-719A-447D-A66E-38B49AA54F95}.Debug|Any CPU.ActiveCfg = Debug|Any CPU
		{245C02CA-719A-447D-A66E-38B49AA54F95}.Debug|Any CPU.Build.0 = Debug|Any CPU
		{245C02CA-719A-447D-A66E-38B49AA54F95}.Release|Any CPU.ActiveCfg = Release|Any CPU
		{245C02CA-719A-447D-A66E-38B49AA54F95}.Release|Any CPU.Build.0 = Release|Any CPU
		{C6CD9C02-37E4-40A7-A5F8-3A75FC201929}.Debug|Any CPU.ActiveCfg = Debug|Any CPU
		{C6CD9C02-37E4-40A7-A5F8-3A75FC201929}.Debug|Any CPU.Build.0 = Debug|Any CPU
		{C6CD9C02-37E4-40A7-A5F8-3A75FC201929}.Release|Any CPU.ActiveCfg = Release|Any CPU
		{C6CD9C02-37E4-40A7-A5F8-3A75FC201929}.Release|Any CPU.Build.0 = Release|Any CPU
		{5DB3FFE1-44AC-4540-BF9D-6D53C5E5609B}.Debug|Any CPU.ActiveCfg = Debug|Any CPU
		{5DB3FFE1-44AC-4540-BF9D-6D53C5E5609B}.Debug|Any CPU.Build.0 = Debug|Any CPU
		{5DB3FFE1-44AC-4540-BF9D-6D53C5E5609B}.Release|Any CPU.ActiveCfg = Release|Any CPU
		{5DB3FFE1-44AC-4540-BF9D-6D53C5E5609B}.Release|Any CPU.Build.0 = Release|Any CPU
		{00D3F679-6514-4FC7-BA56-089189B1C131}.Debug|Any CPU.ActiveCfg = Debug|Any CPU
		{00D3F679-6514-4FC7-BA56-089189B1C131}.Debug|Any CPU.Build.0 = Debug|Any CPU
		{00D3F679-6514-4FC7-BA56-089189B1C131}.Release|Any CPU.ActiveCfg = Release|Any CPU
		{00D3F679-6514-4FC7-BA56-089189B1C131}.Release|Any CPU.Build.0 = Release|Any CPU
		{43F59F73-C10D-4D9F-A236-C4182E967EBD}.Debug|Any CPU.ActiveCfg = Debug|Any CPU
		{43F59F73-C10D-4D9F-A236-C4182E967EBD}.Debug|Any CPU.Build.0 = Debug|Any CPU
		{43F59F73-C10D-4D9F-A236-C4182E967EBD}.Release|Any CPU.ActiveCfg = Release|Any CPU
		{43F59F73-C10D-4D9F-A236-C4182E967EBD}.Release|Any CPU.Build.0 = Release|Any CPU
		{43BB4E15-9058-4362-9776-21BC78A02DE7}.Debug|Any CPU.ActiveCfg = Debug|Any CPU
		{43BB4E15-9058-4362-9776-21BC78A02DE7}.Debug|Any CPU.Build.0 = Debug|Any CPU
		{43BB4E15-9058-4362-9776-21BC78A02DE7}.Release|Any CPU.ActiveCfg = Release|Any CPU
		{43BB4E15-9058-4362-9776-21BC78A02DE7}.Release|Any CPU.Build.0 = Release|Any CPU
		{E0351C47-71F8-42C0-9D08-C83B4ECB1283}.Debug|Any CPU.ActiveCfg = Debug|Any CPU
		{E0351C47-71F8-42C0-9D08-C83B4ECB1283}.Debug|Any CPU.Build.0 = Debug|Any CPU
		{E0351C47-71F8-42C0-9D08-C83B4ECB1283}.Release|Any CPU.ActiveCfg = Release|Any CPU
		{E0351C47-71F8-42C0-9D08-C83B4ECB1283}.Release|Any CPU.Build.0 = Release|Any CPU
		{6D27C79B-D382-4DA2-9857-3CA891F051A5}.Debug|Any CPU.ActiveCfg = Debug|Any CPU
		{6D27C79B-D382-4DA2-9857-3CA891F051A5}.Debug|Any CPU.Build.0 = Debug|Any CPU
		{6D27C79B-D382-4DA2-9857-3CA891F051A5}.Release|Any CPU.ActiveCfg = Release|Any CPU
		{6D27C79B-D382-4DA2-9857-3CA891F051A5}.Release|Any CPU.Build.0 = Release|Any CPU
		{2A1578EC-642E-4069-81D8-BC842E076C6F}.Debug|Any CPU.ActiveCfg = Debug|Any CPU
		{2A1578EC-642E-4069-81D8-BC842E076C6F}.Debug|Any CPU.Build.0 = Debug|Any CPU
		{2A1578EC-642E-4069-81D8-BC842E076C6F}.Release|Any CPU.ActiveCfg = Release|Any CPU
		{2A1578EC-642E-4069-81D8-BC842E076C6F}.Release|Any CPU.Build.0 = Release|Any CPU
		{9B6CA3B8-6CB8-4BEC-AD1F-1D9778F8A5C8}.Debug|Any CPU.ActiveCfg = Debug|Any CPU
		{9B6CA3B8-6CB8-4BEC-AD1F-1D9778F8A5C8}.Debug|Any CPU.Build.0 = Debug|Any CPU
		{9B6CA3B8-6CB8-4BEC-AD1F-1D9778F8A5C8}.Release|Any CPU.ActiveCfg = Release|Any CPU
		{9B6CA3B8-6CB8-4BEC-AD1F-1D9778F8A5C8}.Release|Any CPU.Build.0 = Release|Any CPU
		{2A1A3108-31E0-4A0D-B187-7EC5A6418B99}.Debug|Any CPU.ActiveCfg = Debug|Any CPU
		{2A1A3108-31E0-4A0D-B187-7EC5A6418B99}.Debug|Any CPU.Build.0 = Debug|Any CPU
		{2A1A3108-31E0-4A0D-B187-7EC5A6418B99}.Release|Any CPU.ActiveCfg = Release|Any CPU
		{2A1A3108-31E0-4A0D-B187-7EC5A6418B99}.Release|Any CPU.Build.0 = Release|Any CPU
	EndGlobalSection
	GlobalSection(SolutionProperties) = preSolution
		HideSolutionNode = FALSE
	EndGlobalSection
	GlobalSection(NestedProjects) = preSolution
		{ED1910CD-CECA-4999-9B5D-654E76C847F3} = {DDB4EF12-CC4E-5E88-E6FC-71A802F4DE97}
		{E25972A8-0F97-4AA8-B43F-24C2545D0934} = {E2068BAF-8D07-44B8-94F6-94131006846D}
		{98DD8ACA-DF2B-4D0F-8AA1-681C2C788FE0} = {38C92AEC-C892-4DD3-BFCA-0F6ECD673BFE}
		{01DB6521-37E6-4C64-8AD2-62C2B9F19D97} = {98DD8ACA-DF2B-4D0F-8AA1-681C2C788FE0}
		{E2068BAF-8D07-44B8-94F6-94131006846D} = {38C92AEC-C892-4DD3-BFCA-0F6ECD673BFE}
		{C720723E-AF88-48F4-8413-CC2FFDB8CA07} = {FE5998D8-8C02-4DB5-AA95-BA9977F87552}
		{91F74D90-A80D-4AA6-A8F5-A04851C93580} = {FE5998D8-8C02-4DB5-AA95-BA9977F87552}
		{38854469-596F-499B-9D60-EEEDC7E74257} = {38C92AEC-C892-4DD3-BFCA-0F6ECD673BFE}
		{ACBBCC44-E900-4CD0-83DB-E928248AB80A} = {38854469-596F-499B-9D60-EEEDC7E74257}
		{0E4C0E50-9978-455E-A086-103EB6FDEFFE} = {98DD8ACA-DF2B-4D0F-8AA1-681C2C788FE0}
		{0ED1EC1B-3FAB-499C-B02A-4DAFC8F305BD} = {3BD9D2F5-8A14-4339-93DB-CDBB4EA9A79D}
		{EC8C26BF-E4C3-4D99-8116-8DC6B062AF1F} = {3BD9D2F5-8A14-4339-93DB-CDBB4EA9A79D}
		{9166F958-90C6-4297-B4A0-036DFE2A3A84} = {EC8C26BF-E4C3-4D99-8116-8DC6B062AF1F}
		{85542D9D-C81A-4D5E-B8AC-E84B029966ED} = {3BD9D2F5-8A14-4339-93DB-CDBB4EA9A79D}
		{B2B4E85A-2888-42A1-8466-5DA05BCD82F2} = {EC8C26BF-E4C3-4D99-8116-8DC6B062AF1F}
		{BB08AD8B-6640-4B05-964F-68504A940BD8} = {D35AF54D-7EAD-4D09-A8BD-42D5ADB1C853}
		{27EC9E69-E359-49C8-8D28-A04241610AD4} = {D35AF54D-7EAD-4D09-A8BD-42D5ADB1C853}
		{8AC43160-D50B-4ADB-B12E-6FE3F6D07EB8} = {27EC9E69-E359-49C8-8D28-A04241610AD4}
		{381DCC37-22C5-421B-BD91-ACEB45CF0383} = {27EC9E69-E359-49C8-8D28-A04241610AD4}
		{47630A5C-EC0D-4249-9E76-0C0E94A9D36D} = {D167B949-8D05-4470-AF3F-E181D3EBA022}
		{23DE70A1-E4E5-4429-B2BD-744CDDF2296D} = {0DFF2E98-FA7D-4C54-83F3-0AB6F5718552}
		{91F62091-8B19-49FC-98FF-29341B133BB2} = {23DE70A1-E4E5-4429-B2BD-744CDDF2296D}
		{4B8D7E9E-D0D6-411C-A8A8-9A77CA5D51E1} = {0DFF2E98-FA7D-4C54-83F3-0AB6F5718552}
		{1BFA9235-026A-4831-9734-9B8B8C79E234} = {0DFF2E98-FA7D-4C54-83F3-0AB6F5718552}
		{0F739447-492C-463B-A060-FF2B20C8138B} = {23DE70A1-E4E5-4429-B2BD-744CDDF2296D}
		{70D7A2AF-0015-47B4-AC31-9E86FB9AE71B} = {2946A574-4F72-479A-B666-D39B53B453B5}
		{575A0FBE-F4EF-40FB-8335-88F7EA4DE467} = {2946A574-4F72-479A-B666-D39B53B453B5}
		{9140FDD6-C254-41AE-BAF0-8CC1A240A875} = {575A0FBE-F4EF-40FB-8335-88F7EA4DE467}
		{91F67FAF-6CE2-4AAC-83C2-12605D047F2A} = {575A0FBE-F4EF-40FB-8335-88F7EA4DE467}
		{98B0ED67-FAB8-4882-B469-AA021102AB9C} = {575A0FBE-F4EF-40FB-8335-88F7EA4DE467}
		{7FAA8CD9-BC97-4202-B994-C89029D5FD93} = {575A0FBE-F4EF-40FB-8335-88F7EA4DE467}
		{01BFBCE4-6204-410D-A8C1-083C81CC293C} = {2946A574-4F72-479A-B666-D39B53B453B5}
		{E4E4D0B3-FB6B-4FC5-B5F8-2E416CE7AC15} = {858104D8-CF7B-442D-A08D-934B5C293C48}
		{0E01996C-7E30-4D65-8A78-6893D9D5CFC6} = {858104D8-CF7B-442D-A08D-934B5C293C48}
		{323A2BE0-9064-43D8-B0F1-A8F19CCEDB43} = {858104D8-CF7B-442D-A08D-934B5C293C48}
		{335955EE-E909-42AD-B037-CA15EAF3593E} = {E4E4D0B3-FB6B-4FC5-B5F8-2E416CE7AC15}
		{C4C2E9B2-FBB0-43E1-87BE-7FF417BEB411} = {E4E4D0B3-FB6B-4FC5-B5F8-2E416CE7AC15}
		{59AFBE63-07E5-4493-A7E7-703564049E40} = {97557532-DD20-45D0-875C-14E7497E3EF2}
		{774AD71B-EBE1-4ADD-82FA-ED9AB99CEE6A} = {59AFBE63-07E5-4493-A7E7-703564049E40}
		{ED921292-D3D8-4E30-99DF-C202A1192B0C} = {97557532-DD20-45D0-875C-14E7497E3EF2}
		{F49CEB3B-C564-48C3-BFE5-43CEDA02D339} = {97557532-DD20-45D0-875C-14E7497E3EF2}
		{D49D0B26-0E61-4FDB-A24C-D9044770B257} = {59AFBE63-07E5-4493-A7E7-703564049E40}
		{6EF7678A-A725-F430-3097-30F090C0100A} = {1A2C3132-68E5-4149-B023-2D2ED27921A8}
		{010D0C11-D6A2-3CA6-3281-4E0FD547EC2D} = {1A2C3132-68E5-4149-B023-2D2ED27921A8}
		{00B059D4-B78A-4DAC-8F09-27F50E20BB7F} = {1CDB129A-A9A6-473C-94C3-CDD6795F7267}
		{902DE558-6996-4EE1-B678-8D6B71AC1845} = {1CDB129A-A9A6-473C-94C3-CDD6795F7267}
		{6FA3F352-FD82-4001-9FB4-2781740AFB1E} = {902DE558-6996-4EE1-B678-8D6B71AC1845}
		{477171F7-4EED-4B54-8D11-B931F4C8B4F2} = {902DE558-6996-4EE1-B678-8D6B71AC1845}
		{EA04066C-0541-4493-83BB-D8150740D9C7} = {902DE558-6996-4EE1-B678-8D6B71AC1845}
		{0B48C449-0B35-182D-2B8C-BFE6C8DF0359} = {FE5998D8-8C02-4DB5-AA95-BA9977F87552}
		{699D92C3-5753-481F-8B87-6C016C454469} = {4D32B2A5-200B-438D-B1F8-F5F0308D4579}
		{50506639-CF40-46C3-82AF-EE4A291CE89D} = {4D32B2A5-200B-438D-B1F8-F5F0308D4579}
		{B1F03A09-5CEB-4F4A-B346-A22EA8169529} = {699D92C3-5753-481F-8B87-6C016C454469}
		{DAB9EB85-55C2-4C08-B911-F53578F96345} = {699D92C3-5753-481F-8B87-6C016C454469}
		{6F887373-3D74-4149-A495-27E814361607} = {699D92C3-5753-481F-8B87-6C016C454469}
		{8AD2EED6-5142-B9D5-EB8B-BB1A11EC0408} = {57EF27C2-8556-47D6-8FFB-E3509F26FCB5}
		{EA4A8055-1398-D3D7-71C5-6C05759E8DEC} = {57EF27C2-8556-47D6-8FFB-E3509F26FCB5}
		{0220FC3C-6278-4647-8E67-47D47E27E388} = {FE5998D8-8C02-4DB5-AA95-BA9977F87552}
		{2F5FB9E1-E1D2-47FD-8AA1-EC349903846D} = {210FE2A6-E87F-4E14-85C6-EC06BB9470F6}
		{63175960-4414-45DC-8BEB-C2B69F319D4B} = {210FE2A6-E87F-4E14-85C6-EC06BB9470F6}
		{8EAF2A3F-491C-49BE-B3CD-A87E468B619C} = {63175960-4414-45DC-8BEB-C2B69F319D4B}
		{BDCDB243-77AE-4B03-9467-E45AACD8669E} = {63175960-4414-45DC-8BEB-C2B69F319D4B}
		{A9BA3040-C4A9-4C5A-8F03-D482156AF2E3} = {210FE2A6-E87F-4E14-85C6-EC06BB9470F6}
		{20B0392B-372A-4E36-A6F8-A9CFD3958E62} = {63175960-4414-45DC-8BEB-C2B69F319D4B}
		{D83587F0-E534-4C59-8131-B32E7430D6C7} = {210FE2A6-E87F-4E14-85C6-EC06BB9470F6}
		{6169FCAA-B553-466F-9481-47CEE2E38E40} = {63175960-4414-45DC-8BEB-C2B69F319D4B}
		{EA14E38D-32E6-4E4D-B2EC-20D859AE0BB1} = {63175960-4414-45DC-8BEB-C2B69F319D4B}
		{DFE91C5E-CD0B-4B23-AFC0-F81109B64FE6} = {EE70A0B4-8358-49AE-BD52-CB738353F6AA}
		{6DC5FB79-4B05-4719-BFAB-1628CC6FE2F6} = {EE70A0B4-8358-49AE-BD52-CB738353F6AA}
		{CDF95AB8-69A6-4ED2-B281-817D70D902EE} = {EE70A0B4-8358-49AE-BD52-CB738353F6AA}
		{8B22A393-8DA8-40E9-A13A-A6D8E1279A1E} = {EE70A0B4-8358-49AE-BD52-CB738353F6AA}
		{D5F49DAB-A152-45D2-8070-154F43A2FA1F} = {EE70A0B4-8358-49AE-BD52-CB738353F6AA}
		{16A856DD-8A2B-4B61-B371-87C5B6EE8FBE} = {EE70A0B4-8358-49AE-BD52-CB738353F6AA}
		{42AE07DB-17BA-4D69-9C5F-0A46B10501AD} = {EE70A0B4-8358-49AE-BD52-CB738353F6AA}
		{28CEA411-9D78-4C58-AF68-F02A54B43A64} = {A9920058-B0C1-4189-83B3-6D9079FEA296}
		{A7EEFA62-E4D9-46B7-A6F2-53C4157F6B07} = {A9920058-B0C1-4189-83B3-6D9079FEA296}
		{9F72592B-AAB1-4EB2-9730-BAA9CD72FB48} = {089F16BA-414F-4931-9621-F63EFD65459D}
		{31D87479-3637-4494-A374-13E69081AC92} = {089F16BA-414F-4931-9621-F63EFD65459D}
		{A17293E9-5062-428D-B137-5891CBE58DF0} = {31D87479-3637-4494-A374-13E69081AC92}
		{E7CCF52A-C74E-4096-A065-20EF8F801CDB} = {5EB8E08B-98E9-483B-B429-19AB28B53FC6}
		{C21AEDA7-18CA-4BDB-A8B3-DAE8AEF25BE7} = {5EB8E08B-98E9-483B-B429-19AB28B53FC6}
		{245C02CA-719A-447D-A66E-38B49AA54F95} = {C21AEDA7-18CA-4BDB-A8B3-DAE8AEF25BE7}
		{C6CD9C02-37E4-40A7-A5F8-3A75FC201929} = {5EB8E08B-98E9-483B-B429-19AB28B53FC6}
		{5DB3FFE1-44AC-4540-BF9D-6D53C5E5609B} = {5EB8E08B-98E9-483B-B429-19AB28B53FC6}
		{00D3F679-6514-4FC7-BA56-089189B1C131} = {5EB8E08B-98E9-483B-B429-19AB28B53FC6}
		{43F59F73-C10D-4D9F-A236-C4182E967EBD} = {1E86B1C4-1B67-4B96-A71B-2C5886EA0739}
		{43BB4E15-9058-4362-9776-21BC78A02DE7} = {1E86B1C4-1B67-4B96-A71B-2C5886EA0739}
		{E0351C47-71F8-42C0-9D08-C83B4ECB1283} = {1E86B1C4-1B67-4B96-A71B-2C5886EA0739}
		{6D27C79B-D382-4DA2-9857-3CA891F051A5} = {3364AEA3-99DA-4849-B228-3D29DC6F7F1A}
		{47B14233-2F6D-4233-A46C-FB8663569223} = {3364AEA3-99DA-4849-B228-3D29DC6F7F1A}
		{2A1578EC-642E-4069-81D8-BC842E076C6F} = {47B14233-2F6D-4233-A46C-FB8663569223}
		{9B6CA3B8-6CB8-4BEC-AD1F-1D9778F8A5C8} = {47B14233-2F6D-4233-A46C-FB8663569223}
		{471045A6-31A3-435D-A569-6888630AB0E7} = {3364AEA3-99DA-4849-B228-3D29DC6F7F1A}
		{2A1A3108-31E0-4A0D-B187-7EC5A6418B99} = {471045A6-31A3-435D-A569-6888630AB0E7}
	EndGlobalSection
	GlobalSection(ExtensibilityGlobals) = postSolution
		SolutionGuid = {6993AAC1-72BB-4E5E-BE3A-D5EE36516A31}
	EndGlobalSection
EndGlobal
