
Microsoft Visual Studio Solution File, Format Version 12.00
# Visual Studio Version 17
VisualStudioVersion = 17.13.35825.156
MinimumVisualStudioVersion = 10.0.40219.1
Project("{2150E333-8FDC-42A3-9474-1A3956D46DE8}") = "Chapter01", "Chapter01", "{DDB4EF12-CC4E-5E88-E6FC-71A802F4DE97}"
EndProject
Project("{FAE04EC0-301F-11D3-BF4B-00C04F79EFBC}") = "ProductSample", "Chapter01\ProductSample\ProductSample.csproj", "{ED1910CD-CECA-4999-9B5D-654E76C847F3}"
EndProject
Project("{2150E333-8FDC-42A3-9474-1A3956D46DE8}") = "Chapter02", "Chapter02", "{38C92AEC-C892-4DD3-BFCA-0F6ECD673BFE}"
EndProject
Project("{FAE04EC0-301F-11D3-BF4B-00C04F79EFBC}") = "DistanceConverter", "Chapter02\DistanceConverter\DistanceConverter.csproj", "{E25972A8-0F97-4AA8-B43F-24C2545D0934}"
EndProject
Project("{2150E333-8FDC-42A3-9474-1A3956D46DE8}") = "演習問題", "演習問題", "{98DD8ACA-DF2B-4D0F-8AA1-681C2C788FE0}"
EndProject
Project("{FAE04EC0-301F-11D3-BF4B-00C04F79EFBC}") = "Exercise02", "Chapter02\演習問題\Exercise02\Exercise02.csproj", "{01DB6521-37E6-4C64-8AD2-62C2B9F19D97}"
EndProject
Project("{2150E333-8FDC-42A3-9474-1A3956D46DE8}") = "距離換算プログラム", "距離換算プログラム", "{E2068BAF-8D07-44B8-94F6-94131006846D}"
EndProject
Project("{2150E333-8FDC-42A3-9474-1A3956D46DE8}") = "FormApps", "FormApps", "{FE5998D8-8C02-4DB5-AA95-BA9977F87552}"
EndProject
Project("{FAE04EC0-301F-11D3-BF4B-00C04F79EFBC}") = "UnitConverter", "FormApps\UnitConverter\UnitConverter.csproj", "{C720723E-AF88-48F4-8413-CC2FFDB8CA07}"
EndProject
Project("{FAE04EC0-301F-11D3-BF4B-00C04F79EFBC}") = "StopWatch", "FormApps\StopWatch\StopWatch.csproj", "{91F74D90-A80D-4AA6-A8F5-A04851C93580}"
EndProject
Global
	GlobalSection(SolutionConfigurationPlatforms) = preSolution
		Debug|Any CPU = Debug|Any CPU
		Release|Any CPU = Release|Any CPU
	EndGlobalSection
	GlobalSection(ProjectConfigurationPlatforms) = postSolution
		{ED1910CD-CECA-4999-9B5D-654E76C847F3}.Debug|Any CPU.ActiveCfg = Debug|Any CPU
		{ED1910CD-CECA-4999-9B5D-654E76C847F3}.Debug|Any CPU.Build.0 = Debug|Any CPU
		{ED1910CD-CECA-4999-9B5D-654E76C847F3}.Release|Any CPU.ActiveCfg = Release|Any CPU
		{ED1910CD-CECA-4999-9B5D-654E76C847F3}.Release|Any CPU.Build.0 = Release|Any CPU
		{E25972A8-0F97-4AA8-B43F-24C2545D0934}.Debug|Any CPU.ActiveCfg = Debug|Any CPU
		{E25972A8-0F97-4AA8-B43F-24C2545D0934}.Debug|Any CPU.Build.0 = Debug|Any CPU
		{E25972A8-0F97-4AA8-B43F-24C2545D0934}.Release|Any CPU.ActiveCfg = Release|Any CPU
		{E25972A8-0F97-4AA8-B43F-24C2545D0934}.Release|Any CPU.Build.0 = Release|Any CPU
		{01DB6521-37E6-4C64-8AD2-62C2B9F19D97}.Debug|Any CPU.ActiveCfg = Debug|Any CPU
		{01DB6521-37E6-4C64-8AD2-62C2B9F19D97}.Debug|Any CPU.Build.0 = Debug|Any CPU
		{01DB6521-37E6-4C64-8AD2-62C2B9F19D97}.Release|Any CPU.ActiveCfg = Release|Any CPU
		{01DB6521-37E6-4C64-8AD2-62C2B9F19D97}.Release|Any CPU.Build.0 = Release|Any CPU
		{C720723E-AF88-48F4-8413-CC2FFDB8CA07}.Debug|Any CPU.ActiveCfg = Debug|Any CPU
		{C720723E-AF88-48F4-8413-CC2FFDB8CA07}.Debug|Any CPU.Build.0 = Debug|Any CPU
		{C720723E-AF88-48F4-8413-CC2FFDB8CA07}.Release|Any CPU.ActiveCfg = Release|Any CPU
		{C720723E-AF88-48F4-8413-CC2FFDB8CA07}.Release|Any CPU.Build.0 = Release|Any CPU
		{91F74D90-A80D-4AA6-A8F5-A04851C93580}.Debug|Any CPU.ActiveCfg = Debug|Any CPU
		{91F74D90-A80D-4AA6-A8F5-A04851C93580}.Debug|Any CPU.Build.0 = Debug|Any CPU
		{91F74D90-A80D-4AA6-A8F5-A04851C93580}.Release|Any CPU.ActiveCfg = Release|Any CPU
		{91F74D90-A80D-4AA6-A8F5-A04851C93580}.Release|Any CPU.Build.0 = Release|Any CPU
	EndGlobalSection
	GlobalSection(SolutionProperties) = preSolution
		HideSolutionNode = FALSE
	EndGlobalSection
	GlobalSection(NestedProjects) = preSolution
		{ED1910CD-CECA-4999-9B5D-654E76C847F3} = {DDB4EF12-CC4E-5E88-E6FC-71A802F4DE97}
		{E25972A8-0F97-4AA8-B43F-24C2545D0934} = {E2068BAF-8D07-44B8-94F6-94131006846D}
		{98DD8ACA-DF2B-4D0F-8AA1-681C2C788FE0} = {38C92AEC-C892-4DD3-BFCA-0F6ECD673BFE}
		{01DB6521-37E6-4C64-8AD2-62C2B9F19D97} = {98DD8ACA-DF2B-4D0F-8AA1-681C2C788FE0}
		{E2068BAF-8D07-44B8-94F6-94131006846D} = {38C92AEC-C892-4DD3-BFCA-0F6ECD673BFE}
		{C720723E-AF88-48F4-8413-CC2FFDB8CA07} = {FE5998D8-8C02-4DB5-AA95-BA9977F87552}
		{91F74D90-A80D-4AA6-A8F5-A04851C93580} = {FE5998D8-8C02-4DB5-AA95-BA9977F87552}
	EndGlobalSection
	GlobalSection(ExtensibilityGlobals) = postSolution
		SolutionGuid = {6993AAC1-72BB-4E5E-BE3A-D5EE36516A31}
	EndGlobalSection
EndGlobal
