
Microsoft Visual Studio Solution File, Format Version 12.00
# Visual Studio Version 17
VisualStudioVersion = 17.13.35825.156
MinimumVisualStudioVersion = 10.0.40219.1
Project("{2150E333-8FDC-42A3-9474-1A3956D46DE8}") = "Chapter01", "Chapter01", "{DDB4EF12-CC4E-5E88-E6FC-71A802F4DE97}"
EndProject
Project("{FAE04EC0-301F-11D3-BF4B-00C04F79EFBC}") = "ProductSample", "Chapter01\ProductSample\ProductSample.csproj", "{ED1910CD-CECA-4999-9B5D-654E76C847F3}"
EndProject
Project("{2150E333-8FDC-42A3-9474-1A3956D46DE8}") = "Chapter02", "Chapter02", "{38C92AEC-C892-4DD3-BFCA-0F6ECD673BFE}"
EndProject
Project("{FAE04EC0-301F-11D3-BF4B-00C04F79EFBC}") = "DistanceConverter", "Chapter02\DistanceConverter\DistanceConverter.csproj", "{E25972A8-0F97-4AA8-B43F-24C2545D0934}"
EndProject
Project("{2150E333-8FDC-42A3-9474-1A3956D46DE8}") = "演習問題", "演習問題", "{98DD8ACA-DF2B-4D0F-8AA1-681C2C788FE0}"
EndProject
Project("{FAE04EC0-301F-11D3-BF4B-00C04F79EFBC}") = "Exercise02", "Chapter02\演習問題\Exercise02\Exercise02.csproj", "{01DB6521-37E6-4C64-8AD2-62C2B9F19D97}"
EndProject
Project("{2150E333-8FDC-42A3-9474-1A3956D46DE8}") = "距離換算プログラム", "距離換算プログラム", "{E2068BAF-8D07-44B8-94F6-94131006846D}"
EndProject
Project("{2150E333-8FDC-42A3-9474-1A3956D46DE8}") = "FormApps", "FormApps", "{FE5998D8-8C02-4DB5-AA95-BA9977F87552}"
EndProject
Project("{FAE04EC0-301F-11D3-BF4B-00C04F79EFBC}") = "UnitConverter", "FormApps\UnitConverter\UnitConverter.csproj", "{C720723E-AF88-48F4-8413-CC2FFDB8CA07}"
EndProject
Project("{FAE04EC0-301F-11D3-BF4B-00C04F79EFBC}") = "StopWatch", "FormApps\StopWatch\StopWatch.csproj", "{91F74D90-A80D-4AA6-A8F5-A04851C93580}"
EndProject
Project("{2150E333-8FDC-42A3-9474-1A3956D46DE8}") = "売り上げ集計プログラム", "売り上げ集計プログラム", "{38854469-596F-499B-9D60-EEEDC7E74257}"
EndProject
Project("{FAE04EC0-301F-11D3-BF4B-00C04F79EFBC}") = "SalesCalculator", "Chapter02\SalesCalculator\SalesCalculator.csproj", "{ACBBCC44-E900-4CD0-83DB-E928248AB80A}"
EndProject
Project("{FAE04EC0-301F-11D3-BF4B-00C04F79EFBC}") = "Exercise01", "Chapter02\演習問題\Exercise01\Exercise01.csproj", "{0E4C0E50-9978-455E-A086-103EB6FDEFFE}"
EndProject
Project("{2150E333-8FDC-42A3-9474-1A3956D46DE8}") = "Chapter03", "Chapter03", "{3BD9D2F5-8A14-4339-93DB-CDBB4EA9A79D}"
EndProject
Project("{FAE04EC0-301F-11D3-BF4B-00C04F79EFBC}") = "Section01", "Chapter03\Section01\Section01.csproj", "{0ED1EC1B-3FAB-499C-B02A-4DAFC8F305BD}"
EndProject
Project("{2150E333-8FDC-42A3-9474-1A3956D46DE8}") = "演習問題", "演習問題", "{EC8C26BF-E4C3-4D99-8116-8DC6B062AF1F}"
EndProject
Project("{FAE04EC0-301F-11D3-BF4B-00C04F79EFBC}") = "Exercise02", "Chapter03\演習問題\Exercise02\Exercise02.csproj", "{9166F958-90C6-4297-B4A0-036DFE2A3A84}"
EndProject
Project("{FAE04EC0-301F-11D3-BF4B-00C04F79EFBC}") = "Section04", "Chapter03\Section04\Section04.csproj", "{85542D9D-C81A-4D5E-B8AC-E84B029966ED}"
EndProject
Project("{FAE04EC0-301F-11D3-BF4B-00C04F79EFBC}") = "Exercise01", "Chapter03\演習問題\Exercise01\Exercise01.csproj", "{B2B4E85A-2888-42A1-8466-5DA05BCD82F2}"
EndProject
Project("{2150E333-8FDC-42A3-9474-1A3956D46DE8}") = "Chapter04", "Chapter04", "{D35AF54D-7EAD-4D09-A8BD-42D5ADB1C853}"
EndProject
Project("{FAE04EC0-301F-11D3-BF4B-00C04F79EFBC}") = "Section04", "Chapter04\Section04\Section04.csproj", "{BB08AD8B-6640-4B05-964F-68504A940BD8}"
EndProject
Project("{2150E333-8FDC-42A3-9474-1A3956D46DE8}") = "演習問題", "演習問題", "{27EC9E69-E359-49C8-8D28-A04241610AD4}"
EndProject
Project("{FAE04EC0-301F-11D3-BF4B-00C04F79EFBC}") = "Exercise01", "Chapter04\演習問題\Exercise01\Exercise01.csproj", "{8AC43160-D50B-4ADB-B12E-6FE3F6D07EB8}"
EndProject
Project("{FAE04EC0-301F-11D3-BF4B-00C04F79EFBC}") = "Exercise02", "Chapter04\演習問題\Exercise02\Exercise02.csproj", "{381DCC37-22C5-421B-BD91-ACEB45CF0383}"
EndProject
Project("{2150E333-8FDC-42A3-9474-1A3956D46DE8}") = "LINQ", "LINQ", "{D167B949-8D05-4470-AF3F-E181D3EBA022}"
EndProject
Project("{FAE04EC0-301F-11D3-BF4B-00C04F79EFBC}") = "LinqSample", "LINQ\LinqSample\LinqSample.csproj", "{47630A5C-EC0D-4249-9E76-0C0E94A9D36D}"
EndProject
Project("{2150E333-8FDC-42A3-9474-1A3956D46DE8}") = "Chapter07", "Chapter07", "{0DFF2E98-FA7D-4C54-83F3-0AB6F5718552}"
EndProject
Project("{2150E333-8FDC-42A3-9474-1A3956D46DE8}") = "演習問題", "演習問題", "{23DE70A1-E4E5-4429-B2BD-744CDDF2296D}"
EndProject
Project("{FAE04EC0-301F-11D3-BF4B-00C04F79EFBC}") = "Exercise01", "Chapter07\演習問題\Exercise01\Exercise01.csproj", "{91F62091-8B19-49FC-98FF-29341B133BB2}"
EndProject
Project("{FAE04EC0-301F-11D3-BF4B-00C04F79EFBC}") = "Section01", "Chapter07\Section01\Section01.csproj", "{4B8D7E9E-D0D6-411C-A8A8-9A77CA5D51E1}"
EndProject
Project("{FAE04EC0-301F-11D3-BF4B-00C04F79EFBC}") = "Section05", "Chapter07\Section05\Section05.csproj", "{1BFA9235-026A-4831-9734-9B8B8C79E234}"
EndProject
Project("{FAE04EC0-301F-11D3-BF4B-00C04F79EFBC}") = "Exercise02", "Chapter07\演習問題\Exercise02\Exercise02.csproj", "{0F739447-492C-463B-A060-FF2B20C8138B}"
EndProject
Project("{2150E333-8FDC-42A3-9474-1A3956D46DE8}") = "Chapter06", "Chapter06", "{2946A574-4F72-479A-B666-D39B53B453B5}"
EndProject
Project("{FAE04EC0-301F-11D3-BF4B-00C04F79EFBC}") = "Section01", "Chapter06\Section01\Section01.csproj", "{70D7A2AF-0015-47B4-AC31-9E86FB9AE71B}"
EndProject
Project("{2150E333-8FDC-42A3-9474-1A3956D46DE8}") = "演習問題", "演習問題", "{575A0FBE-F4EF-40FB-8335-88F7EA4DE467}"
EndProject
Project("{FAE04EC0-301F-11D3-BF4B-00C04F79EFBC}") = "Exercise01", "Chapter06\演習問題\Exercise01\Exercise01.csproj", "{9140FDD6-C254-41AE-BAF0-8CC1A240A875}"
EndProject
Project("{FAE04EC0-301F-11D3-BF4B-00C04F79EFBC}") = "Exercise03", "Chapter06\演習問題\Exercise03\Exercise03.csproj", "{91F67FAF-6CE2-4AAC-83C2-12605D047F2A}"
EndProject
Project("{FAE04EC0-301F-11D3-BF4B-00C04F79EFBC}") = "Exercise04", "Chapter06\演習問題\Exercise04\Exercise04.csproj", "{98B0ED67-FAB8-4882-B469-AA021102AB9C}"
EndProject
Project("{FAE04EC0-301F-11D3-BF4B-00C04F79EFBC}") = "Exercise02", "Chapter06\演習問題\Exercise02\Exercise02.csproj", "{7FAA8CD9-BC97-4202-B994-C89029D5FD93}"
EndProject
Project("{FAE04EC0-301F-11D3-BF4B-00C04F79EFBC}") = "Section03", "Chapter06\Section03\Section03.csproj", "{01BFBCE4-6204-410D-A8C1-083C81CC293C}"
EndProject
Project("{2150E333-8FDC-42A3-9474-1A3956D46DE8}") = "Chapter05", "Chapter05", "{858104D8-CF7B-442D-A08D-934B5C293C48}"
EndProject
Project("{2150E333-8FDC-42A3-9474-1A3956D46DE8}") = "演習問題", "演習問題", "{E4E4D0B3-FB6B-4FC5-B5F8-2E416CE7AC15}"
EndProject
Project("{FAE04EC0-301F-11D3-BF4B-00C04F79EFBC}") = "Section01", "Chapter05\Section01\Section01.csproj", "{0E01996C-7E30-4D65-8A78-6893D9D5CFC6}"
EndProject
Project("{FAE04EC0-301F-11D3-BF4B-00C04F79EFBC}") = "Section02", "Chapter05\Section02\Section02.csproj", "{323A2BE0-9064-43D8-B0F1-A8F19CCEDB43}"
EndProject
Project("{FAE04EC0-301F-11D3-BF4B-00C04F79EFBC}") = "Exercise01", "Chapter05\演習問題\Exercise01\Exercise01.csproj", "{335955EE-E909-42AD-B037-CA15EAF3593E}"
EndProject
Project("{FAE04EC0-301F-11D3-BF4B-00C04F79EFBC}") = "Exercise02", "Chapter05\演習問題\Exercise02\Exercise02.csproj", "{C4C2E9B2-FBB0-43E1-87BE-7FF417BEB411}"
EndProject
Project("{2150E333-8FDC-42A3-9474-1A3956D46DE8}") = "Chapter08", "Chapter08", "{97557532-DD20-45D0-875C-14E7497E3EF2}"
EndProject
Project("{2150E333-8FDC-42A3-9474-1A3956D46DE8}") = "演習問題", "演習問題", "{59AFBE63-07E5-4493-A7E7-703564049E40}"
EndProject
Project("{FAE04EC0-301F-11D3-BF4B-00C04F79EFBC}") = "Exercise01", "Chapter08\演習問題\Exercise01\Exercise01.csproj", "{774AD71B-EBE1-4ADD-82FA-ED9AB99CEE6A}"
EndProject
Project("{FAE04EC0-301F-11D3-BF4B-00C04F79EFBC}") = "PrefCapitalLocationSystem", "Chapter08\PrefCapitalLocationSystem\PrefCapitalLocationSystem\PrefCapitalLocationSystem.csproj", "{ED921292-D3D8-4E30-99DF-C202A1192B0C}"
EndProject
Project("{FAE04EC0-301F-11D3-BF4B-00C04F79EFBC}") = "Section03", "Chapter08\Section03\Section03.csproj", "{F49CEB3B-C564-48C3-BFE5-43CEDA02D339}"
EndProject
Project("{FAE04EC0-301F-11D3-BF4B-00C04F79EFBC}") = "Exercise02", "Chapter08\演習問題\Exercise02\Exercise02.csproj", "{D49D0B26-0E61-4FDB-A24C-D9044770B257}"
EndProject
Global
	GlobalSection(SolutionConfigurationPlatforms) = preSolution
		Debug|Any CPU = Debug|Any CPU
		Release|Any CPU = Release|Any CPU
	EndGlobalSection
	GlobalSection(ProjectConfigurationPlatforms) = postSolution
		{ED1910CD-CECA-4999-9B5D-654E76C847F3}.Debug|Any CPU.ActiveCfg = Debug|Any CPU
		{ED1910CD-CECA-4999-9B5D-654E76C847F3}.Debug|Any CPU.Build.0 = Debug|Any CPU
		{ED1910CD-CECA-4999-9B5D-654E76C847F3}.Release|Any CPU.ActiveCfg = Release|Any CPU
		{ED1910CD-CECA-4999-9B5D-654E76C847F3}.Release|Any CPU.Build.0 = Release|Any CPU
		{E25972A8-0F97-4AA8-B43F-24C2545D0934}.Debug|Any CPU.ActiveCfg = Debug|Any CPU
		{E25972A8-0F97-4AA8-B43F-24C2545D0934}.Debug|Any CPU.Build.0 = Debug|Any CPU
		{E25972A8-0F97-4AA8-B43F-24C2545D0934}.Release|Any CPU.ActiveCfg = Release|Any CPU
		{E25972A8-0F97-4AA8-B43F-24C2545D0934}.Release|Any CPU.Build.0 = Release|Any CPU
		{01DB6521-37E6-4C64-8AD2-62C2B9F19D97}.Debug|Any CPU.ActiveCfg = Debug|Any CPU
		{01DB6521-37E6-4C64-8AD2-62C2B9F19D97}.Debug|Any CPU.Build.0 = Debug|Any CPU
		{01DB6521-37E6-4C64-8AD2-62C2B9F19D97}.Release|Any CPU.ActiveCfg = Release|Any CPU
		{01DB6521-37E6-4C64-8AD2-62C2B9F19D97}.Release|Any CPU.Build.0 = Release|Any CPU
		{C720723E-AF88-48F4-8413-CC2FFDB8CA07}.Debug|Any CPU.ActiveCfg = Debug|Any CPU
		{C720723E-AF88-48F4-8413-CC2FFDB8CA07}.Debug|Any CPU.Build.0 = Debug|Any CPU
		{C720723E-AF88-48F4-8413-CC2FFDB8CA07}.Release|Any CPU.ActiveCfg = Release|Any CPU
		{C720723E-AF88-48F4-8413-CC2FFDB8CA07}.Release|Any CPU.Build.0 = Release|Any CPU
		{91F74D90-A80D-4AA6-A8F5-A04851C93580}.Debug|Any CPU.ActiveCfg = Debug|Any CPU
		{91F74D90-A80D-4AA6-A8F5-A04851C93580}.Debug|Any CPU.Build.0 = Debug|Any CPU
		{91F74D90-A80D-4AA6-A8F5-A04851C93580}.Release|Any CPU.ActiveCfg = Release|Any CPU
		{91F74D90-A80D-4AA6-A8F5-A04851C93580}.Release|Any CPU.Build.0 = Release|Any CPU
		{ACBBCC44-E900-4CD0-83DB-E928248AB80A}.Debug|Any CPU.ActiveCfg = Debug|Any CPU
		{ACBBCC44-E900-4CD0-83DB-E928248AB80A}.Debug|Any CPU.Build.0 = Debug|Any CPU
		{ACBBCC44-E900-4CD0-83DB-E928248AB80A}.Release|Any CPU.ActiveCfg = Release|Any CPU
		{ACBBCC44-E900-4CD0-83DB-E928248AB80A}.Release|Any CPU.Build.0 = Release|Any CPU
		{0E4C0E50-9978-455E-A086-103EB6FDEFFE}.Debug|Any CPU.ActiveCfg = Debug|Any CPU
		{0E4C0E50-9978-455E-A086-103EB6FDEFFE}.Debug|Any CPU.Build.0 = Debug|Any CPU
		{0E4C0E50-9978-455E-A086-103EB6FDEFFE}.Release|Any CPU.ActiveCfg = Release|Any CPU
		{0E4C0E50-9978-455E-A086-103EB6FDEFFE}.Release|Any CPU.Build.0 = Release|Any CPU
		{0ED1EC1B-3FAB-499C-B02A-4DAFC8F305BD}.Debug|Any CPU.ActiveCfg = Debug|Any CPU
		{0ED1EC1B-3FAB-499C-B02A-4DAFC8F305BD}.Debug|Any CPU.Build.0 = Debug|Any CPU
		{0ED1EC1B-3FAB-499C-B02A-4DAFC8F305BD}.Release|Any CPU.ActiveCfg = Release|Any CPU
		{0ED1EC1B-3FAB-499C-B02A-4DAFC8F305BD}.Release|Any CPU.Build.0 = Release|Any CPU
		{9166F958-90C6-4297-B4A0-036DFE2A3A84}.Debug|Any CPU.ActiveCfg = Debug|Any CPU
		{9166F958-90C6-4297-B4A0-036DFE2A3A84}.Debug|Any CPU.Build.0 = Debug|Any CPU
		{9166F958-90C6-4297-B4A0-036DFE2A3A84}.Release|Any CPU.ActiveCfg = Release|Any CPU
		{9166F958-90C6-4297-B4A0-036DFE2A3A84}.Release|Any CPU.Build.0 = Release|Any CPU
		{85542D9D-C81A-4D5E-B8AC-E84B029966ED}.Debug|Any CPU.ActiveCfg = Debug|Any CPU
		{85542D9D-C81A-4D5E-B8AC-E84B029966ED}.Debug|Any CPU.Build.0 = Debug|Any CPU
		{85542D9D-C81A-4D5E-B8AC-E84B029966ED}.Release|Any CPU.ActiveCfg = Release|Any CPU
		{85542D9D-C81A-4D5E-B8AC-E84B029966ED}.Release|Any CPU.Build.0 = Release|Any CPU
		{B2B4E85A-2888-42A1-8466-5DA05BCD82F2}.Debug|Any CPU.ActiveCfg = Debug|Any CPU
		{B2B4E85A-2888-42A1-8466-5DA05BCD82F2}.Debug|Any CPU.Build.0 = Debug|Any CPU
		{B2B4E85A-2888-42A1-8466-5DA05BCD82F2}.Release|Any CPU.ActiveCfg = Release|Any CPU
		{B2B4E85A-2888-42A1-8466-5DA05BCD82F2}.Release|Any CPU.Build.0 = Release|Any CPU
		{BB08AD8B-6640-4B05-964F-68504A940BD8}.Debug|Any CPU.ActiveCfg = Debug|Any CPU
		{BB08AD8B-6640-4B05-964F-68504A940BD8}.Debug|Any CPU.Build.0 = Debug|Any CPU
		{BB08AD8B-6640-4B05-964F-68504A940BD8}.Release|Any CPU.ActiveCfg = Release|Any CPU
		{BB08AD8B-6640-4B05-964F-68504A940BD8}.Release|Any CPU.Build.0 = Release|Any CPU
		{8AC43160-D50B-4ADB-B12E-6FE3F6D07EB8}.Debug|Any CPU.ActiveCfg = Debug|Any CPU
		{8AC43160-D50B-4ADB-B12E-6FE3F6D07EB8}.Debug|Any CPU.Build.0 = Debug|Any CPU
		{8AC43160-D50B-4ADB-B12E-6FE3F6D07EB8}.Release|Any CPU.ActiveCfg = Release|Any CPU
		{8AC43160-D50B-4ADB-B12E-6FE3F6D07EB8}.Release|Any CPU.Build.0 = Release|Any CPU
		{381DCC37-22C5-421B-BD91-ACEB45CF0383}.Debug|Any CPU.ActiveCfg = Debug|Any CPU
		{381DCC37-22C5-421B-BD91-ACEB45CF0383}.Debug|Any CPU.Build.0 = Debug|Any CPU
		{381DCC37-22C5-421B-BD91-ACEB45CF0383}.Release|Any CPU.ActiveCfg = Release|Any CPU
		{381DCC37-22C5-421B-BD91-ACEB45CF0383}.Release|Any CPU.Build.0 = Release|Any CPU
		{47630A5C-EC0D-4249-9E76-0C0E94A9D36D}.Debug|Any CPU.ActiveCfg = Debug|Any CPU
		{47630A5C-EC0D-4249-9E76-0C0E94A9D36D}.Debug|Any CPU.Build.0 = Debug|Any CPU
		{47630A5C-EC0D-4249-9E76-0C0E94A9D36D}.Release|Any CPU.ActiveCfg = Release|Any CPU
		{47630A5C-EC0D-4249-9E76-0C0E94A9D36D}.Release|Any CPU.Build.0 = Release|Any CPU
		{91F62091-8B19-49FC-98FF-29341B133BB2}.Debug|Any CPU.ActiveCfg = Debug|Any CPU
		{91F62091-8B19-49FC-98FF-29341B133BB2}.Debug|Any CPU.Build.0 = Debug|Any CPU
		{91F62091-8B19-49FC-98FF-29341B133BB2}.Release|Any CPU.ActiveCfg = Release|Any CPU
		{91F62091-8B19-49FC-98FF-29341B133BB2}.Release|Any CPU.Build.0 = Release|Any CPU
		{4B8D7E9E-D0D6-411C-A8A8-9A77CA5D51E1}.Debug|Any CPU.ActiveCfg = Debug|Any CPU
		{4B8D7E9E-D0D6-411C-A8A8-9A77CA5D51E1}.Debug|Any CPU.Build.0 = Debug|Any CPU
		{4B8D7E9E-D0D6-411C-A8A8-9A77CA5D51E1}.Release|Any CPU.ActiveCfg = Release|Any CPU
		{4B8D7E9E-D0D6-411C-A8A8-9A77CA5D51E1}.Release|Any CPU.Build.0 = Release|Any CPU
		{1BFA9235-026A-4831-9734-9B8B8C79E234}.Debug|Any CPU.ActiveCfg = Debug|Any CPU
		{1BFA9235-026A-4831-9734-9B8B8C79E234}.Debug|Any CPU.Build.0 = Debug|Any CPU
		{1BFA9235-026A-4831-9734-9B8B8C79E234}.Release|Any CPU.ActiveCfg = Release|Any CPU
		{1BFA9235-026A-4831-9734-9B8B8C79E234}.Release|Any CPU.Build.0 = Release|Any CPU
		{0F739447-492C-463B-A060-FF2B20C8138B}.Debug|Any CPU.ActiveCfg = Debug|Any CPU
		{0F739447-492C-463B-A060-FF2B20C8138B}.Debug|Any CPU.Build.0 = Debug|Any CPU
		{0F739447-492C-463B-A060-FF2B20C8138B}.Release|Any CPU.ActiveCfg = Release|Any CPU
		{0F739447-492C-463B-A060-FF2B20C8138B}.Release|Any CPU.Build.0 = Release|Any CPU
		{70D7A2AF-0015-47B4-AC31-9E86FB9AE71B}.Debug|Any CPU.ActiveCfg = Debug|Any CPU
		{70D7A2AF-0015-47B4-AC31-9E86FB9AE71B}.Debug|Any CPU.Build.0 = Debug|Any CPU
		{70D7A2AF-0015-47B4-AC31-9E86FB9AE71B}.Release|Any CPU.ActiveCfg = Release|Any CPU
		{70D7A2AF-0015-47B4-AC31-9E86FB9AE71B}.Release|Any CPU.Build.0 = Release|Any CPU
		{9140FDD6-C254-41AE-BAF0-8CC1A240A875}.Debug|Any CPU.ActiveCfg = Debug|Any CPU
		{9140FDD6-C254-41AE-BAF0-8CC1A240A875}.Debug|Any CPU.Build.0 = Debug|Any CPU
		{9140FDD6-C254-41AE-BAF0-8CC1A240A875}.Release|Any CPU.ActiveCfg = Release|Any CPU
		{9140FDD6-C254-41AE-BAF0-8CC1A240A875}.Release|Any CPU.Build.0 = Release|Any CPU
		{91F67FAF-6CE2-4AAC-83C2-12605D047F2A}.Debug|Any CPU.ActiveCfg = Debug|Any CPU
		{91F67FAF-6CE2-4AAC-83C2-12605D047F2A}.Debug|Any CPU.Build.0 = Debug|Any CPU
		{91F67FAF-6CE2-4AAC-83C2-12605D047F2A}.Release|Any CPU.ActiveCfg = Release|Any CPU
		{91F67FAF-6CE2-4AAC-83C2-12605D047F2A}.Release|Any CPU.Build.0 = Release|Any CPU
		{98B0ED67-FAB8-4882-B469-AA021102AB9C}.Debug|Any CPU.ActiveCfg = Debug|Any CPU
		{98B0ED67-FAB8-4882-B469-AA021102AB9C}.Debug|Any CPU.Build.0 = Debug|Any CPU
		{98B0ED67-FAB8-4882-B469-AA021102AB9C}.Release|Any CPU.ActiveCfg = Release|Any CPU
		{98B0ED67-FAB8-4882-B469-AA021102AB9C}.Release|Any CPU.Build.0 = Release|Any CPU
		{7FAA8CD9-BC97-4202-B994-C89029D5FD93}.Debug|Any CPU.ActiveCfg = Debug|Any CPU
		{7FAA8CD9-BC97-4202-B994-C89029D5FD93}.Debug|Any CPU.Build.0 = Debug|Any CPU
		{7FAA8CD9-BC97-4202-B994-C89029D5FD93}.Release|Any CPU.ActiveCfg = Release|Any CPU
		{7FAA8CD9-BC97-4202-B994-C89029D5FD93}.Release|Any CPU.Build.0 = Release|Any CPU
		{01BFBCE4-6204-410D-A8C1-083C81CC293C}.Debug|Any CPU.ActiveCfg = Debug|Any CPU
		{01BFBCE4-6204-410D-A8C1-083C81CC293C}.Debug|Any CPU.Build.0 = Debug|Any CPU
		{01BFBCE4-6204-410D-A8C1-083C81CC293C}.Release|Any CPU.ActiveCfg = Release|Any CPU
		{01BFBCE4-6204-410D-A8C1-083C81CC293C}.Release|Any CPU.Build.0 = Release|Any CPU
		{0E01996C-7E30-4D65-8A78-6893D9D5CFC6}.Debug|Any CPU.ActiveCfg = Debug|Any CPU
		{0E01996C-7E30-4D65-8A78-6893D9D5CFC6}.Debug|Any CPU.Build.0 = Debug|Any CPU
		{0E01996C-7E30-4D65-8A78-6893D9D5CFC6}.Release|Any CPU.ActiveCfg = Release|Any CPU
		{0E01996C-7E30-4D65-8A78-6893D9D5CFC6}.Release|Any CPU.Build.0 = Release|Any CPU
		{323A2BE0-9064-43D8-B0F1-A8F19CCEDB43}.Debug|Any CPU.ActiveCfg = Debug|Any CPU
		{323A2BE0-9064-43D8-B0F1-A8F19CCEDB43}.Debug|Any CPU.Build.0 = Debug|Any CPU
		{323A2BE0-9064-43D8-B0F1-A8F19CCEDB43}.Release|Any CPU.ActiveCfg = Release|Any CPU
		{323A2BE0-9064-43D8-B0F1-A8F19CCEDB43}.Release|Any CPU.Build.0 = Release|Any CPU
		{335955EE-E909-42AD-B037-CA15EAF3593E}.Debug|Any CPU.ActiveCfg = Debug|Any CPU
		{335955EE-E909-42AD-B037-CA15EAF3593E}.Debug|Any CPU.Build.0 = Debug|Any CPU
		{335955EE-E909-42AD-B037-CA15EAF3593E}.Release|Any CPU.ActiveCfg = Release|Any CPU
		{335955EE-E909-42AD-B037-CA15EAF3593E}.Release|Any CPU.Build.0 = Release|Any CPU
		{C4C2E9B2-FBB0-43E1-87BE-7FF417BEB411}.Debug|Any CPU.ActiveCfg = Debug|Any CPU
		{C4C2E9B2-FBB0-43E1-87BE-7FF417BEB411}.Debug|Any CPU.Build.0 = Debug|Any CPU
		{C4C2E9B2-FBB0-43E1-87BE-7FF417BEB411}.Release|Any CPU.ActiveCfg = Release|Any CPU
		{C4C2E9B2-FBB0-43E1-87BE-7FF417BEB411}.Release|Any CPU.Build.0 = Release|Any CPU
		{774AD71B-EBE1-4ADD-82FA-ED9AB99CEE6A}.Debug|Any CPU.ActiveCfg = Debug|Any CPU
		{774AD71B-EBE1-4ADD-82FA-ED9AB99CEE6A}.Debug|Any CPU.Build.0 = Debug|Any CPU
		{774AD71B-EBE1-4ADD-82FA-ED9AB99CEE6A}.Release|Any CPU.ActiveCfg = Release|Any CPU
		{774AD71B-EBE1-4ADD-82FA-ED9AB99CEE6A}.Release|Any CPU.Build.0 = Release|Any CPU
		{ED921292-D3D8-4E30-99DF-C202A1192B0C}.Debug|Any CPU.ActiveCfg = Debug|Any CPU
		{ED921292-D3D8-4E30-99DF-C202A1192B0C}.Debug|Any CPU.Build.0 = Debug|Any CPU
		{ED921292-D3D8-4E30-99DF-C202A1192B0C}.Release|Any CPU.ActiveCfg = Release|Any CPU
		{ED921292-D3D8-4E30-99DF-C202A1192B0C}.Release|Any CPU.Build.0 = Release|Any CPU
		{F49CEB3B-C564-48C3-BFE5-43CEDA02D339}.Debug|Any CPU.ActiveCfg = Debug|Any CPU
		{F49CEB3B-C564-48C3-BFE5-43CEDA02D339}.Debug|Any CPU.Build.0 = Debug|Any CPU
		{F49CEB3B-C564-48C3-BFE5-43CEDA02D339}.Release|Any CPU.ActiveCfg = Release|Any CPU
		{F49CEB3B-C564-48C3-BFE5-43CEDA02D339}.Release|Any CPU.Build.0 = Release|Any CPU
		{D49D0B26-0E61-4FDB-A24C-D9044770B257}.Debug|Any CPU.ActiveCfg = Debug|Any CPU
		{D49D0B26-0E61-4FDB-A24C-D9044770B257}.Debug|Any CPU.Build.0 = Debug|Any CPU
		{D49D0B26-0E61-4FDB-A24C-D9044770B257}.Release|Any CPU.ActiveCfg = Release|Any CPU
		{D49D0B26-0E61-4FDB-A24C-D9044770B257}.Release|Any CPU.Build.0 = Release|Any CPU
	EndGlobalSection
	GlobalSection(SolutionProperties) = preSolution
		HideSolutionNode = FALSE
	EndGlobalSection
	GlobalSection(NestedProjects) = preSolution
		{ED1910CD-CECA-4999-9B5D-654E76C847F3} = {DDB4EF12-CC4E-5E88-E6FC-71A802F4DE97}
		{E25972A8-0F97-4AA8-B43F-24C2545D0934} = {E2068BAF-8D07-44B8-94F6-94131006846D}
		{98DD8ACA-DF2B-4D0F-8AA1-681C2C788FE0} = {38C92AEC-C892-4DD3-BFCA-0F6ECD673BFE}
		{01DB6521-37E6-4C64-8AD2-62C2B9F19D97} = {98DD8ACA-DF2B-4D0F-8AA1-681C2C788FE0}
		{E2068BAF-8D07-44B8-94F6-94131006846D} = {38C92AEC-C892-4DD3-BFCA-0F6ECD673BFE}
		{C720723E-AF88-48F4-8413-CC2FFDB8CA07} = {FE5998D8-8C02-4DB5-AA95-BA9977F87552}
		{91F74D90-A80D-4AA6-A8F5-A04851C93580} = {FE5998D8-8C02-4DB5-AA95-BA9977F87552}
		{38854469-596F-499B-9D60-EEEDC7E74257} = {38C92AEC-C892-4DD3-BFCA-0F6ECD673BFE}
		{ACBBCC44-E900-4CD0-83DB-E928248AB80A} = {38854469-596F-499B-9D60-EEEDC7E74257}
		{0E4C0E50-9978-455E-A086-103EB6FDEFFE} = {98DD8ACA-DF2B-4D0F-8AA1-681C2C788FE0}
		{0ED1EC1B-3FAB-499C-B02A-4DAFC8F305BD} = {3BD9D2F5-8A14-4339-93DB-CDBB4EA9A79D}
		{EC8C26BF-E4C3-4D99-8116-8DC6B062AF1F} = {3BD9D2F5-8A14-4339-93DB-CDBB4EA9A79D}
		{9166F958-90C6-4297-B4A0-036DFE2A3A84} = {EC8C26BF-E4C3-4D99-8116-8DC6B062AF1F}
		{85542D9D-C81A-4D5E-B8AC-E84B029966ED} = {3BD9D2F5-8A14-4339-93DB-CDBB4EA9A79D}
		{B2B4E85A-2888-42A1-8466-5DA05BCD82F2} = {EC8C26BF-E4C3-4D99-8116-8DC6B062AF1F}
		{BB08AD8B-6640-4B05-964F-68504A940BD8} = {D35AF54D-7EAD-4D09-A8BD-42D5ADB1C853}
		{27EC9E69-E359-49C8-8D28-A04241610AD4} = {D35AF54D-7EAD-4D09-A8BD-42D5ADB1C853}
		{8AC43160-D50B-4ADB-B12E-6FE3F6D07EB8} = {27EC9E69-E359-49C8-8D28-A04241610AD4}
		{381DCC37-22C5-421B-BD91-ACEB45CF0383} = {27EC9E69-E359-49C8-8D28-A04241610AD4}
		{47630A5C-EC0D-4249-9E76-0C0E94A9D36D} = {D167B949-8D05-4470-AF3F-E181D3EBA022}
		{23DE70A1-E4E5-4429-B2BD-744CDDF2296D} = {0DFF2E98-FA7D-4C54-83F3-0AB6F5718552}
		{91F62091-8B19-49FC-98FF-29341B133BB2} = {23DE70A1-E4E5-4429-B2BD-744CDDF2296D}
		{4B8D7E9E-D0D6-411C-A8A8-9A77CA5D51E1} = {0DFF2E98-FA7D-4C54-83F3-0AB6F5718552}
		{1BFA9235-026A-4831-9734-9B8B8C79E234} = {0DFF2E98-FA7D-4C54-83F3-0AB6F5718552}
		{0F739447-492C-463B-A060-FF2B20C8138B} = {23DE70A1-E4E5-4429-B2BD-744CDDF2296D}
		{70D7A2AF-0015-47B4-AC31-9E86FB9AE71B} = {2946A574-4F72-479A-B666-D39B53B453B5}
		{575A0FBE-F4EF-40FB-8335-88F7EA4DE467} = {2946A574-4F72-479A-B666-D39B53B453B5}
		{9140FDD6-C254-41AE-BAF0-8CC1A240A875} = {575A0FBE-F4EF-40FB-8335-88F7EA4DE467}
		{91F67FAF-6CE2-4AAC-83C2-12605D047F2A} = {575A0FBE-F4EF-40FB-8335-88F7EA4DE467}
		{98B0ED67-FAB8-4882-B469-AA021102AB9C} = {575A0FBE-F4EF-40FB-8335-88F7EA4DE467}
		{7FAA8CD9-BC97-4202-B994-C89029D5FD93} = {575A0FBE-F4EF-40FB-8335-88F7EA4DE467}
		{01BFBCE4-6204-410D-A8C1-083C81CC293C} = {2946A574-4F72-479A-B666-D39B53B453B5}
		{E4E4D0B3-FB6B-4FC5-B5F8-2E416CE7AC15} = {858104D8-CF7B-442D-A08D-934B5C293C48}
		{0E01996C-7E30-4D65-8A78-6893D9D5CFC6} = {858104D8-CF7B-442D-A08D-934B5C293C48}
		{323A2BE0-9064-43D8-B0F1-A8F19CCEDB43} = {858104D8-CF7B-442D-A08D-934B5C293C48}
		{335955EE-E909-42AD-B037-CA15EAF3593E} = {E4E4D0B3-FB6B-4FC5-B5F8-2E416CE7AC15}
		{C4C2E9B2-FBB0-43E1-87BE-7FF417BEB411} = {E4E4D0B3-FB6B-4FC5-B5F8-2E416CE7AC15}
		{59AFBE63-07E5-4493-A7E7-703564049E40} = {97557532-DD20-45D0-875C-14E7497E3EF2}
		{774AD71B-EBE1-4ADD-82FA-ED9AB99CEE6A} = {59AFBE63-07E5-4493-A7E7-703564049E40}
		{ED921292-D3D8-4E30-99DF-C202A1192B0C} = {97557532-DD20-45D0-875C-14E7497E3EF2}
		{F49CEB3B-C564-48C3-BFE5-43CEDA02D339} = {97557532-DD20-45D0-875C-14E7497E3EF2}
		{D49D0B26-0E61-4FDB-A24C-D9044770B257} = {59AFBE63-07E5-4493-A7E7-703564049E40}
	EndGlobalSection
	GlobalSection(ExtensibilityGlobals) = postSolution
		SolutionGuid = {6993AAC1-72BB-4E5E-BE3A-D5EE36516A31}
	EndGlobalSection
EndGlobal
